// !$*UTF8*$!
{
	archiveVersion = 1;
	classes = {
	};
	objectVersion = 42;
	objects = {

/* Begin PBXBuildFile section */
		10AFC868162B64680031AC9C /* ofxColorsOfMovement.cpp in Sources */ = {isa = PBXBuildFile; fileRef = 10AFC7BF162B64680031AC9C /* ofxColorsOfMovement.cpp */; };
		10AFC869162B64680031AC9C /* ofxGLWarper.cpp in Sources */ = {isa = PBXBuildFile; fileRef = 10AFC7C3162B64680031AC9C /* ofxGLWarper.cpp */; };
		10AFC86A162B64680031AC9C /* ofxBaseGui.cpp in Sources */ = {isa = PBXBuildFile; fileRef = 10AFC7C9162B64680031AC9C /* ofxBaseGui.cpp */; };
		10AFC86B162B64680031AC9C /* ofxButton.cpp in Sources */ = {isa = PBXBuildFile; fileRef = 10AFC7CB162B64680031AC9C /* ofxButton.cpp */; };
		10AFC86C162B64680031AC9C /* ofxLabel.cpp in Sources */ = {isa = PBXBuildFile; fileRef = 10AFC7CE162B64680031AC9C /* ofxLabel.cpp */; };
		10AFC86D162B64680031AC9C /* ofxPanel.cpp in Sources */ = {isa = PBXBuildFile; fileRef = 10AFC7D0162B64680031AC9C /* ofxPanel.cpp */; };
		10AFC86E162B64680031AC9C /* ofxSlider.cpp in Sources */ = {isa = PBXBuildFile; fileRef = 10AFC7D2162B64680031AC9C /* ofxSlider.cpp */; };
		10AFC86F162B64680031AC9C /* ofxToggle.cpp in Sources */ = {isa = PBXBuildFile; fileRef = 10AFC7D4162B64680031AC9C /* ofxToggle.cpp */; };
		10AFC870162B64680031AC9C /* ofxModifierKeys_impl_linux.cpp in Sources */ = {isa = PBXBuildFile; fileRef = 10AFC7D9162B64680031AC9C /* ofxModifierKeys_impl_linux.cpp */; };
		10AFC871162B64680031AC9C /* ofxModifierKeys_impl_mac.mm in Sources */ = {isa = PBXBuildFile; fileRef = 10AFC7DA162B64680031AC9C /* ofxModifierKeys_impl_mac.mm */; };
		10AFC872162B64680031AC9C /* ofxModifierKeys_impl_win.cpp in Sources */ = {isa = PBXBuildFile; fileRef = 10AFC7DB162B64680031AC9C /* ofxModifierKeys_impl_win.cpp */; };
		10AFC873162B64680031AC9C /* ofxCvColorImage.cpp in Sources */ = {isa = PBXBuildFile; fileRef = 10AFC7DF162B64680031AC9C /* ofxCvColorImage.cpp */; };
		10AFC874162B64680031AC9C /* ofxCvContourFinder.cpp in Sources */ = {isa = PBXBuildFile; fileRef = 10AFC7E2162B64680031AC9C /* ofxCvContourFinder.cpp */; };
		10AFC875162B64680031AC9C /* ofxCvFloatImage.cpp in Sources */ = {isa = PBXBuildFile; fileRef = 10AFC7E4162B64680031AC9C /* ofxCvFloatImage.cpp */; };
		10AFC876162B64680031AC9C /* ofxCvGrayscaleImage.cpp in Sources */ = {isa = PBXBuildFile; fileRef = 10AFC7E6162B64680031AC9C /* ofxCvGrayscaleImage.cpp */; };
		10AFC877162B64680031AC9C /* ofxCvHaarFinder.cpp in Sources */ = {isa = PBXBuildFile; fileRef = 10AFC7E8162B64680031AC9C /* ofxCvHaarFinder.cpp */; };
		10AFC878162B64680031AC9C /* ofxCvImage.cpp in Sources */ = {isa = PBXBuildFile; fileRef = 10AFC7EA162B64680031AC9C /* ofxCvImage.cpp */; };
		10AFC879162B64680031AC9C /* ofxCvShortImage.cpp in Sources */ = {isa = PBXBuildFile; fileRef = 10AFC7ED162B64680031AC9C /* ofxCvShortImage.cpp */; };
		10AFC87A162B64680031AC9C /* ofxWarpBlendTool.cpp in Sources */ = {isa = PBXBuildFile; fileRef = 10AFC856162B64680031AC9C /* ofxWarpBlendTool.cpp */; };
		10AFC87B162B64680031AC9C /* ofxXmlSettings.cpp in Sources */ = {isa = PBXBuildFile; fileRef = 10AFC85B162B64680031AC9C /* ofxXmlSettings.cpp */; };
		10AFC87C162B64680031AC9C /* tinyxml.cpp in Sources */ = {isa = PBXBuildFile; fileRef = 10AFC85E162B64680031AC9C /* tinyxml.cpp */; };
		10AFC87D162B64680031AC9C /* tinyxmlerror.cpp in Sources */ = {isa = PBXBuildFile; fileRef = 10AFC860162B64680031AC9C /* tinyxmlerror.cpp */; };
		10AFC87E162B64680031AC9C /* tinyxmlparser.cpp in Sources */ = {isa = PBXBuildFile; fileRef = 10AFC861162B64680031AC9C /* tinyxmlparser.cpp */; };
		BBAB23CB13894F3D00AA2426 /* GLUT.framework in CopyFiles */ = {isa = PBXBuildFile; fileRef = BBAB23BE13894E4700AA2426 /* GLUT.framework */; };
		E4328149138ABC9F0047C5CB /* openFrameworksDebug.a in Frameworks */ = {isa = PBXBuildFile; fileRef = E4328148138ABC890047C5CB /* openFrameworksDebug.a */; };
		E45BE97B0E8CC7DD009D7055 /* AGL.framework in Frameworks */ = {isa = PBXBuildFile; fileRef = E45BE9710E8CC7DD009D7055 /* AGL.framework */; };
		E45BE97C0E8CC7DD009D7055 /* ApplicationServices.framework in Frameworks */ = {isa = PBXBuildFile; fileRef = E45BE9720E8CC7DD009D7055 /* ApplicationServices.framework */; };
		E45BE97D0E8CC7DD009D7055 /* AudioToolbox.framework in Frameworks */ = {isa = PBXBuildFile; fileRef = E45BE9730E8CC7DD009D7055 /* AudioToolbox.framework */; };
		E45BE97E0E8CC7DD009D7055 /* Carbon.framework in Frameworks */ = {isa = PBXBuildFile; fileRef = E45BE9740E8CC7DD009D7055 /* Carbon.framework */; };
		E45BE97F0E8CC7DD009D7055 /* CoreAudio.framework in Frameworks */ = {isa = PBXBuildFile; fileRef = E45BE9750E8CC7DD009D7055 /* CoreAudio.framework */; };
		E45BE9800E8CC7DD009D7055 /* CoreFoundation.framework in Frameworks */ = {isa = PBXBuildFile; fileRef = E45BE9760E8CC7DD009D7055 /* CoreFoundation.framework */; };
		E45BE9810E8CC7DD009D7055 /* CoreServices.framework in Frameworks */ = {isa = PBXBuildFile; fileRef = E45BE9770E8CC7DD009D7055 /* CoreServices.framework */; };
		E45BE9830E8CC7DD009D7055 /* OpenGL.framework in Frameworks */ = {isa = PBXBuildFile; fileRef = E45BE9790E8CC7DD009D7055 /* OpenGL.framework */; };
		E45BE9840E8CC7DD009D7055 /* QuickTime.framework in Frameworks */ = {isa = PBXBuildFile; fileRef = E45BE97A0E8CC7DD009D7055 /* QuickTime.framework */; };
		E4B69E200A3A1BDC003C02F2 /* main.cpp in Sources */ = {isa = PBXBuildFile; fileRef = E4B69E1D0A3A1BDC003C02F2 /* main.cpp */; };
		E4B69E210A3A1BDC003C02F2 /* testApp.cpp in Sources */ = {isa = PBXBuildFile; fileRef = E4B69E1E0A3A1BDC003C02F2 /* testApp.cpp */; };
		E4C2424710CC5A17004149E2 /* AppKit.framework in Frameworks */ = {isa = PBXBuildFile; fileRef = E4C2424410CC5A17004149E2 /* AppKit.framework */; };
		E4C2424810CC5A17004149E2 /* Cocoa.framework in Frameworks */ = {isa = PBXBuildFile; fileRef = E4C2424510CC5A17004149E2 /* Cocoa.framework */; };
		E4C2424910CC5A17004149E2 /* IOKit.framework in Frameworks */ = {isa = PBXBuildFile; fileRef = E4C2424610CC5A17004149E2 /* IOKit.framework */; };
		E4EB6799138ADC1D00A09F29 /* GLUT.framework in Frameworks */ = {isa = PBXBuildFile; fileRef = BBAB23BE13894E4700AA2426 /* GLUT.framework */; };
/* End PBXBuildFile section */

/* Begin PBXContainerItemProxy section */
		E4328147138ABC890047C5CB /* PBXContainerItemProxy */ = {
			isa = PBXContainerItemProxy;
			containerPortal = E4328143138ABC890047C5CB /* openFrameworksLib.xcodeproj */;
			proxyType = 2;
			remoteGlobalIDString = E4B27C1510CBEB8E00536013;
			remoteInfo = openFrameworks;
		};
		E4EEB9AB138B136A00A80321 /* PBXContainerItemProxy */ = {
			isa = PBXContainerItemProxy;
			containerPortal = E4328143138ABC890047C5CB /* openFrameworksLib.xcodeproj */;
			proxyType = 1;
			remoteGlobalIDString = E4B27C1410CBEB8E00536013;
			remoteInfo = openFrameworks;
		};
/* End PBXContainerItemProxy section */

/* Begin PBXCopyFilesBuildPhase section */
		E4C2427710CC5ABF004149E2 /* CopyFiles */ = {
			isa = PBXCopyFilesBuildPhase;
			buildActionMask = 2147483647;
			dstPath = "";
			dstSubfolderSpec = 10;
			files = (
				BBAB23CB13894F3D00AA2426 /* GLUT.framework in CopyFiles */,
			);
			runOnlyForDeploymentPostprocessing = 0;
		};
/* End PBXCopyFilesBuildPhase section */

/* Begin PBXFileReference section */
		10AFC7BF162B64680031AC9C /* ofxColorsOfMovement.cpp */ = {isa = PBXFileReference; explicitFileType = sourcecode.cpp.cpp; fileEncoding = 30; name = ofxColorsOfMovement.cpp; path = ../../../addons/ofxColorsOfMovement/src/ofxColorsOfMovement.cpp; sourceTree = SOURCE_ROOT; };
		10AFC7C0162B64680031AC9C /* ofxColorsOfMovement.h */ = {isa = PBXFileReference; explicitFileType = sourcecode.c.h; fileEncoding = 30; name = ofxColorsOfMovement.h; path = ../../../addons/ofxColorsOfMovement/src/ofxColorsOfMovement.h; sourceTree = SOURCE_ROOT; };
		10AFC7C3162B64680031AC9C /* ofxGLWarper.cpp */ = {isa = PBXFileReference; explicitFileType = sourcecode.cpp.cpp; fileEncoding = 30; name = ofxGLWarper.cpp; path = ../../../addons/ofxGLWarper/src/ofxGLWarper.cpp; sourceTree = SOURCE_ROOT; };
		10AFC7C4162B64680031AC9C /* ofxGLWarper.h */ = {isa = PBXFileReference; explicitFileType = sourcecode.c.h; fileEncoding = 30; name = ofxGLWarper.h; path = ../../../addons/ofxGLWarper/src/ofxGLWarper.h; sourceTree = SOURCE_ROOT; };
		10AFC7C7162B64680031AC9C /* ofOscParameter.h */ = {isa = PBXFileReference; explicitFileType = sourcecode.c.h; fileEncoding = 30; name = ofOscParameter.h; path = ../../../addons/ofxGui/src/ofOscParameter.h; sourceTree = SOURCE_ROOT; };
		10AFC7C8162B64680031AC9C /* ofParameter.h */ = {isa = PBXFileReference; explicitFileType = sourcecode.c.h; fileEncoding = 30; name = ofParameter.h; path = ../../../addons/ofxGui/src/ofParameter.h; sourceTree = SOURCE_ROOT; };
		10AFC7C9162B64680031AC9C /* ofxBaseGui.cpp */ = {isa = PBXFileReference; explicitFileType = sourcecode.cpp.cpp; fileEncoding = 30; name = ofxBaseGui.cpp; path = ../../../addons/ofxGui/src/ofxBaseGui.cpp; sourceTree = SOURCE_ROOT; };
		10AFC7CA162B64680031AC9C /* ofxBaseGui.h */ = {isa = PBXFileReference; explicitFileType = sourcecode.c.h; fileEncoding = 30; name = ofxBaseGui.h; path = ../../../addons/ofxGui/src/ofxBaseGui.h; sourceTree = SOURCE_ROOT; };
		10AFC7CB162B64680031AC9C /* ofxButton.cpp */ = {isa = PBXFileReference; explicitFileType = sourcecode.cpp.cpp; fileEncoding = 30; name = ofxButton.cpp; path = ../../../addons/ofxGui/src/ofxButton.cpp; sourceTree = SOURCE_ROOT; };
		10AFC7CC162B64680031AC9C /* ofxButton.h */ = {isa = PBXFileReference; explicitFileType = sourcecode.c.h; fileEncoding = 30; name = ofxButton.h; path = ../../../addons/ofxGui/src/ofxButton.h; sourceTree = SOURCE_ROOT; };
		10AFC7CD162B64680031AC9C /* ofxGui.h */ = {isa = PBXFileReference; explicitFileType = sourcecode.c.h; fileEncoding = 30; name = ofxGui.h; path = ../../../addons/ofxGui/src/ofxGui.h; sourceTree = SOURCE_ROOT; };
		10AFC7CE162B64680031AC9C /* ofxLabel.cpp */ = {isa = PBXFileReference; explicitFileType = sourcecode.cpp.cpp; fileEncoding = 30; name = ofxLabel.cpp; path = ../../../addons/ofxGui/src/ofxLabel.cpp; sourceTree = SOURCE_ROOT; };
		10AFC7CF162B64680031AC9C /* ofxLabel.h */ = {isa = PBXFileReference; explicitFileType = sourcecode.c.h; fileEncoding = 30; name = ofxLabel.h; path = ../../../addons/ofxGui/src/ofxLabel.h; sourceTree = SOURCE_ROOT; };
		10AFC7D0162B64680031AC9C /* ofxPanel.cpp */ = {isa = PBXFileReference; explicitFileType = sourcecode.cpp.cpp; fileEncoding = 30; name = ofxPanel.cpp; path = ../../../addons/ofxGui/src/ofxPanel.cpp; sourceTree = SOURCE_ROOT; };
		10AFC7D1162B64680031AC9C /* ofxPanel.h */ = {isa = PBXFileReference; explicitFileType = sourcecode.c.h; fileEncoding = 30; name = ofxPanel.h; path = ../../../addons/ofxGui/src/ofxPanel.h; sourceTree = SOURCE_ROOT; };
		10AFC7D2162B64680031AC9C /* ofxSlider.cpp */ = {isa = PBXFileReference; explicitFileType = sourcecode.cpp.cpp; fileEncoding = 30; name = ofxSlider.cpp; path = ../../../addons/ofxGui/src/ofxSlider.cpp; sourceTree = SOURCE_ROOT; };
		10AFC7D3162B64680031AC9C /* ofxSlider.h */ = {isa = PBXFileReference; explicitFileType = sourcecode.c.h; fileEncoding = 30; name = ofxSlider.h; path = ../../../addons/ofxGui/src/ofxSlider.h; sourceTree = SOURCE_ROOT; };
		10AFC7D4162B64680031AC9C /* ofxToggle.cpp */ = {isa = PBXFileReference; explicitFileType = sourcecode.cpp.cpp; fileEncoding = 30; name = ofxToggle.cpp; path = ../../../addons/ofxGui/src/ofxToggle.cpp; sourceTree = SOURCE_ROOT; };
		10AFC7D5162B64680031AC9C /* ofxToggle.h */ = {isa = PBXFileReference; explicitFileType = sourcecode.c.h; fileEncoding = 30; name = ofxToggle.h; path = ../../../addons/ofxGui/src/ofxToggle.h; sourceTree = SOURCE_ROOT; };
		10AFC7D8162B64680031AC9C /* ofxModifierKeys.h */ = {isa = PBXFileReference; explicitFileType = sourcecode.c.h; fileEncoding = 30; name = ofxModifierKeys.h; path = ../../../addons/ofxModifierKeys/src/ofxModifierKeys.h; sourceTree = SOURCE_ROOT; };
		10AFC7D9162B64680031AC9C /* ofxModifierKeys_impl_linux.cpp */ = {isa = PBXFileReference; explicitFileType = sourcecode.cpp.cpp; fileEncoding = 30; name = ofxModifierKeys_impl_linux.cpp; path = ../../../addons/ofxModifierKeys/src/ofxModifierKeys_impl_linux.cpp; sourceTree = SOURCE_ROOT; };
		10AFC7DA162B64680031AC9C /* ofxModifierKeys_impl_mac.mm */ = {isa = PBXFileReference; explicitFileType = sourcecode.cpp.objcpp; fileEncoding = 30; name = ofxModifierKeys_impl_mac.mm; path = ../../../addons/ofxModifierKeys/src/ofxModifierKeys_impl_mac.mm; sourceTree = SOURCE_ROOT; };
		10AFC7DB162B64680031AC9C /* ofxModifierKeys_impl_win.cpp */ = {isa = PBXFileReference; explicitFileType = sourcecode.cpp.cpp; fileEncoding = 30; name = ofxModifierKeys_impl_win.cpp; path = ../../../addons/ofxModifierKeys/src/ofxModifierKeys_impl_win.cpp; sourceTree = SOURCE_ROOT; };
		10AFC7DE162B64680031AC9C /* ofxCvBlob.h */ = {isa = PBXFileReference; explicitFileType = sourcecode.c.h; fileEncoding = 30; name = ofxCvBlob.h; path = ../../../addons/ofxOpenCv/src/ofxCvBlob.h; sourceTree = SOURCE_ROOT; };
		10AFC7DF162B64680031AC9C /* ofxCvColorImage.cpp */ = {isa = PBXFileReference; explicitFileType = sourcecode.cpp.cpp; fileEncoding = 30; name = ofxCvColorImage.cpp; path = ../../../addons/ofxOpenCv/src/ofxCvColorImage.cpp; sourceTree = SOURCE_ROOT; };
		10AFC7E0162B64680031AC9C /* ofxCvColorImage.h */ = {isa = PBXFileReference; explicitFileType = sourcecode.c.h; fileEncoding = 30; name = ofxCvColorImage.h; path = ../../../addons/ofxOpenCv/src/ofxCvColorImage.h; sourceTree = SOURCE_ROOT; };
		10AFC7E1162B64680031AC9C /* ofxCvConstants.h */ = {isa = PBXFileReference; explicitFileType = sourcecode.c.h; fileEncoding = 30; name = ofxCvConstants.h; path = ../../../addons/ofxOpenCv/src/ofxCvConstants.h; sourceTree = SOURCE_ROOT; };
		10AFC7E2162B64680031AC9C /* ofxCvContourFinder.cpp */ = {isa = PBXFileReference; explicitFileType = sourcecode.cpp.cpp; fileEncoding = 30; name = ofxCvContourFinder.cpp; path = ../../../addons/ofxOpenCv/src/ofxCvContourFinder.cpp; sourceTree = SOURCE_ROOT; };
		10AFC7E3162B64680031AC9C /* ofxCvContourFinder.h */ = {isa = PBXFileReference; explicitFileType = sourcecode.c.h; fileEncoding = 30; name = ofxCvContourFinder.h; path = ../../../addons/ofxOpenCv/src/ofxCvContourFinder.h; sourceTree = SOURCE_ROOT; };
		10AFC7E4162B64680031AC9C /* ofxCvFloatImage.cpp */ = {isa = PBXFileReference; explicitFileType = sourcecode.cpp.cpp; fileEncoding = 30; name = ofxCvFloatImage.cpp; path = ../../../addons/ofxOpenCv/src/ofxCvFloatImage.cpp; sourceTree = SOURCE_ROOT; };
		10AFC7E5162B64680031AC9C /* ofxCvFloatImage.h */ = {isa = PBXFileReference; explicitFileType = sourcecode.c.h; fileEncoding = 30; name = ofxCvFloatImage.h; path = ../../../addons/ofxOpenCv/src/ofxCvFloatImage.h; sourceTree = SOURCE_ROOT; };
		10AFC7E6162B64680031AC9C /* ofxCvGrayscaleImage.cpp */ = {isa = PBXFileReference; explicitFileType = sourcecode.cpp.cpp; fileEncoding = 30; name = ofxCvGrayscaleImage.cpp; path = ../../../addons/ofxOpenCv/src/ofxCvGrayscaleImage.cpp; sourceTree = SOURCE_ROOT; };
		10AFC7E7162B64680031AC9C /* ofxCvGrayscaleImage.h */ = {isa = PBXFileReference; explicitFileType = sourcecode.c.h; fileEncoding = 30; name = ofxCvGrayscaleImage.h; path = ../../../addons/ofxOpenCv/src/ofxCvGrayscaleImage.h; sourceTree = SOURCE_ROOT; };
		10AFC7E8162B64680031AC9C /* ofxCvHaarFinder.cpp */ = {isa = PBXFileReference; explicitFileType = sourcecode.cpp.cpp; fileEncoding = 30; name = ofxCvHaarFinder.cpp; path = ../../../addons/ofxOpenCv/src/ofxCvHaarFinder.cpp; sourceTree = SOURCE_ROOT; };
		10AFC7E9162B64680031AC9C /* ofxCvHaarFinder.h */ = {isa = PBXFileReference; explicitFileType = sourcecode.c.h; fileEncoding = 30; name = ofxCvHaarFinder.h; path = ../../../addons/ofxOpenCv/src/ofxCvHaarFinder.h; sourceTree = SOURCE_ROOT; };
		10AFC7EA162B64680031AC9C /* ofxCvImage.cpp */ = {isa = PBXFileReference; explicitFileType = sourcecode.cpp.cpp; fileEncoding = 30; name = ofxCvImage.cpp; path = ../../../addons/ofxOpenCv/src/ofxCvImage.cpp; sourceTree = SOURCE_ROOT; };
		10AFC7EB162B64680031AC9C /* ofxCvImage.h */ = {isa = PBXFileReference; explicitFileType = sourcecode.c.h; fileEncoding = 30; name = ofxCvImage.h; path = ../../../addons/ofxOpenCv/src/ofxCvImage.h; sourceTree = SOURCE_ROOT; };
		10AFC7EC162B64680031AC9C /* ofxCvMain.h */ = {isa = PBXFileReference; explicitFileType = sourcecode.c.h; fileEncoding = 30; name = ofxCvMain.h; path = ../../../addons/ofxOpenCv/src/ofxCvMain.h; sourceTree = SOURCE_ROOT; };
		10AFC7ED162B64680031AC9C /* ofxCvShortImage.cpp */ = {isa = PBXFileReference; explicitFileType = sourcecode.cpp.cpp; fileEncoding = 30; name = ofxCvShortImage.cpp; path = ../../../addons/ofxOpenCv/src/ofxCvShortImage.cpp; sourceTree = SOURCE_ROOT; };
		10AFC7EE162B64680031AC9C /* ofxCvShortImage.h */ = {isa = PBXFileReference; explicitFileType = sourcecode.c.h; fileEncoding = 30; name = ofxCvShortImage.h; path = ../../../addons/ofxOpenCv/src/ofxCvShortImage.h; sourceTree = SOURCE_ROOT; };
		10AFC7EF162B64680031AC9C /* ofxOpenCv.h */ = {isa = PBXFileReference; explicitFileType = sourcecode.c.h; fileEncoding = 30; name = ofxOpenCv.h; path = ../../../addons/ofxOpenCv/src/ofxOpenCv.h; sourceTree = SOURCE_ROOT; };
		10AFC7F1162B64680031AC9C /* cv.h */ = {isa = PBXFileReference; explicitFileType = sourcecode.c.h; fileEncoding = 30; name = cv.h; path = ../../../addons/ofxOpenCv/libs/opencv/include/opencv/cv.h; sourceTree = SOURCE_ROOT; };
		10AFC7F2162B64680031AC9C /* cv.hpp */ = {isa = PBXFileReference; explicitFileType = sourcecode.c.h; fileEncoding = 30; name = cv.hpp; path = ../../../addons/ofxOpenCv/libs/opencv/include/opencv/cv.hpp; sourceTree = SOURCE_ROOT; };
		10AFC7F3162B64680031AC9C /* cvaux.h */ = {isa = PBXFileReference; explicitFileType = sourcecode.c.h; fileEncoding = 30; name = cvaux.h; path = ../../../addons/ofxOpenCv/libs/opencv/include/opencv/cvaux.h; sourceTree = SOURCE_ROOT; };
		10AFC7F4162B64680031AC9C /* cvaux.hpp */ = {isa = PBXFileReference; explicitFileType = sourcecode.c.h; fileEncoding = 30; name = cvaux.hpp; path = ../../../addons/ofxOpenCv/libs/opencv/include/opencv/cvaux.hpp; sourceTree = SOURCE_ROOT; };
		10AFC7F5162B64680031AC9C /* cvwimage.h */ = {isa = PBXFileReference; explicitFileType = sourcecode.c.h; fileEncoding = 30; name = cvwimage.h; path = ../../../addons/ofxOpenCv/libs/opencv/include/opencv/cvwimage.h; sourceTree = SOURCE_ROOT; };
		10AFC7F6162B64680031AC9C /* cxcore.h */ = {isa = PBXFileReference; explicitFileType = sourcecode.c.h; fileEncoding = 30; name = cxcore.h; path = ../../../addons/ofxOpenCv/libs/opencv/include/opencv/cxcore.h; sourceTree = SOURCE_ROOT; };
		10AFC7F7162B64680031AC9C /* cxcore.hpp */ = {isa = PBXFileReference; explicitFileType = sourcecode.c.h; fileEncoding = 30; name = cxcore.hpp; path = ../../../addons/ofxOpenCv/libs/opencv/include/opencv/cxcore.hpp; sourceTree = SOURCE_ROOT; };
		10AFC7F8162B64680031AC9C /* cxeigen.hpp */ = {isa = PBXFileReference; explicitFileType = sourcecode.c.h; fileEncoding = 30; name = cxeigen.hpp; path = ../../../addons/ofxOpenCv/libs/opencv/include/opencv/cxeigen.hpp; sourceTree = SOURCE_ROOT; };
		10AFC7F9162B64680031AC9C /* cxmisc.h */ = {isa = PBXFileReference; explicitFileType = sourcecode.c.h; fileEncoding = 30; name = cxmisc.h; path = ../../../addons/ofxOpenCv/libs/opencv/include/opencv/cxmisc.h; sourceTree = SOURCE_ROOT; };
		10AFC7FA162B64680031AC9C /* highgui.h */ = {isa = PBXFileReference; explicitFileType = sourcecode.c.h; fileEncoding = 30; name = highgui.h; path = ../../../addons/ofxOpenCv/libs/opencv/include/opencv/highgui.h; sourceTree = SOURCE_ROOT; };
		10AFC7FB162B64680031AC9C /* ml.h */ = {isa = PBXFileReference; explicitFileType = sourcecode.c.h; fileEncoding = 30; name = ml.h; path = ../../../addons/ofxOpenCv/libs/opencv/include/opencv/ml.h; sourceTree = SOURCE_ROOT; };
		10AFC7FD162B64680031AC9C /* calib3d.hpp */ = {isa = PBXFileReference; explicitFileType = sourcecode.c.h; fileEncoding = 30; name = calib3d.hpp; path = ../../../addons/ofxOpenCv/libs/opencv/include/opencv2/calib3d/calib3d.hpp; sourceTree = SOURCE_ROOT; };
		10AFC7FF162B64680031AC9C /* contrib.hpp */ = {isa = PBXFileReference; explicitFileType = sourcecode.c.h; fileEncoding = 30; name = contrib.hpp; path = ../../../addons/ofxOpenCv/libs/opencv/include/opencv2/contrib/contrib.hpp; sourceTree = SOURCE_ROOT; };
		10AFC800162B64680031AC9C /* retina.hpp */ = {isa = PBXFileReference; explicitFileType = sourcecode.c.h; fileEncoding = 30; name = retina.hpp; path = ../../../addons/ofxOpenCv/libs/opencv/include/opencv2/contrib/retina.hpp; sourceTree = SOURCE_ROOT; };
		10AFC802162B64680031AC9C /* core.hpp */ = {isa = PBXFileReference; explicitFileType = sourcecode.c.h; fileEncoding = 30; name = core.hpp; path = ../../../addons/ofxOpenCv/libs/opencv/include/opencv2/core/core.hpp; sourceTree = SOURCE_ROOT; };
		10AFC803162B64680031AC9C /* core_c.h */ = {isa = PBXFileReference; explicitFileType = sourcecode.c.h; fileEncoding = 30; name = core_c.h; path = ../../../addons/ofxOpenCv/libs/opencv/include/opencv2/core/core_c.h; sourceTree = SOURCE_ROOT; };
		10AFC804162B64680031AC9C /* eigen.hpp */ = {isa = PBXFileReference; explicitFileType = sourcecode.c.h; fileEncoding = 30; name = eigen.hpp; path = ../../../addons/ofxOpenCv/libs/opencv/include/opencv2/core/eigen.hpp; sourceTree = SOURCE_ROOT; };
		10AFC805162B64680031AC9C /* internal.hpp */ = {isa = PBXFileReference; explicitFileType = sourcecode.c.h; fileEncoding = 30; name = internal.hpp; path = ../../../addons/ofxOpenCv/libs/opencv/include/opencv2/core/internal.hpp; sourceTree = SOURCE_ROOT; };
		10AFC806162B64680031AC9C /* mat.hpp */ = {isa = PBXFileReference; explicitFileType = sourcecode.c.h; fileEncoding = 30; name = mat.hpp; path = ../../../addons/ofxOpenCv/libs/opencv/include/opencv2/core/mat.hpp; sourceTree = SOURCE_ROOT; };
		10AFC807162B64680031AC9C /* operations.hpp */ = {isa = PBXFileReference; explicitFileType = sourcecode.c.h; fileEncoding = 30; name = operations.hpp; path = ../../../addons/ofxOpenCv/libs/opencv/include/opencv2/core/operations.hpp; sourceTree = SOURCE_ROOT; };
		10AFC808162B64680031AC9C /* types_c.h */ = {isa = PBXFileReference; explicitFileType = sourcecode.c.h; fileEncoding = 30; name = types_c.h; path = ../../../addons/ofxOpenCv/libs/opencv/include/opencv2/core/types_c.h; sourceTree = SOURCE_ROOT; };
		10AFC809162B64680031AC9C /* version.hpp */ = {isa = PBXFileReference; explicitFileType = sourcecode.c.h; fileEncoding = 30; name = version.hpp; path = ../../../addons/ofxOpenCv/libs/opencv/include/opencv2/core/version.hpp; sourceTree = SOURCE_ROOT; };
		10AFC80A162B64680031AC9C /* wimage.hpp */ = {isa = PBXFileReference; explicitFileType = sourcecode.c.h; fileEncoding = 30; name = wimage.hpp; path = ../../../addons/ofxOpenCv/libs/opencv/include/opencv2/core/wimage.hpp; sourceTree = SOURCE_ROOT; };
		10AFC80C162B64680031AC9C /* features2d.hpp */ = {isa = PBXFileReference; explicitFileType = sourcecode.c.h; fileEncoding = 30; name = features2d.hpp; path = ../../../addons/ofxOpenCv/libs/opencv/include/opencv2/features2d/features2d.hpp; sourceTree = SOURCE_ROOT; };
		10AFC80E162B64680031AC9C /* all_indices.h */ = {isa = PBXFileReference; explicitFileType = sourcecode.c.h; fileEncoding = 30; name = all_indices.h; path = ../../../addons/ofxOpenCv/libs/opencv/include/opencv2/flann/all_indices.h; sourceTree = SOURCE_ROOT; };
		10AFC80F162B64680031AC9C /* allocator.h */ = {isa = PBXFileReference; explicitFileType = sourcecode.c.h; fileEncoding = 30; name = allocator.h; path = ../../../addons/ofxOpenCv/libs/opencv/include/opencv2/flann/allocator.h; sourceTree = SOURCE_ROOT; };
		10AFC810162B64680031AC9C /* any.h */ = {isa = PBXFileReference; explicitFileType = sourcecode.c.h; fileEncoding = 30; name = any.h; path = ../../../addons/ofxOpenCv/libs/opencv/include/opencv2/flann/any.h; sourceTree = SOURCE_ROOT; };
		10AFC811162B64680031AC9C /* autotuned_index.h */ = {isa = PBXFileReference; explicitFileType = sourcecode.c.h; fileEncoding = 30; name = autotuned_index.h; path = ../../../addons/ofxOpenCv/libs/opencv/include/opencv2/flann/autotuned_index.h; sourceTree = SOURCE_ROOT; };
		10AFC812162B64680031AC9C /* composite_index.h */ = {isa = PBXFileReference; explicitFileType = sourcecode.c.h; fileEncoding = 30; name = composite_index.h; path = ../../../addons/ofxOpenCv/libs/opencv/include/opencv2/flann/composite_index.h; sourceTree = SOURCE_ROOT; };
		10AFC813162B64680031AC9C /* config.h */ = {isa = PBXFileReference; explicitFileType = sourcecode.c.h; fileEncoding = 30; name = config.h; path = ../../../addons/ofxOpenCv/libs/opencv/include/opencv2/flann/config.h; sourceTree = SOURCE_ROOT; };
		10AFC814162B64680031AC9C /* defines.h */ = {isa = PBXFileReference; explicitFileType = sourcecode.c.h; fileEncoding = 30; name = defines.h; path = ../../../addons/ofxOpenCv/libs/opencv/include/opencv2/flann/defines.h; sourceTree = SOURCE_ROOT; };
		10AFC815162B64680031AC9C /* dist.h */ = {isa = PBXFileReference; explicitFileType = sourcecode.c.h; fileEncoding = 30; name = dist.h; path = ../../../addons/ofxOpenCv/libs/opencv/include/opencv2/flann/dist.h; sourceTree = SOURCE_ROOT; };
		10AFC816162B64680031AC9C /* dummy.h */ = {isa = PBXFileReference; explicitFileType = sourcecode.c.h; fileEncoding = 30; name = dummy.h; path = ../../../addons/ofxOpenCv/libs/opencv/include/opencv2/flann/dummy.h; sourceTree = SOURCE_ROOT; };
		10AFC817162B64680031AC9C /* dynamic_bitset.h */ = {isa = PBXFileReference; explicitFileType = sourcecode.c.h; fileEncoding = 30; name = dynamic_bitset.h; path = ../../../addons/ofxOpenCv/libs/opencv/include/opencv2/flann/dynamic_bitset.h; sourceTree = SOURCE_ROOT; };
		10AFC818162B64680031AC9C /* flann.hpp */ = {isa = PBXFileReference; explicitFileType = sourcecode.c.h; fileEncoding = 30; name = flann.hpp; path = ../../../addons/ofxOpenCv/libs/opencv/include/opencv2/flann/flann.hpp; sourceTree = SOURCE_ROOT; };
		10AFC819162B64680031AC9C /* flann_base.hpp */ = {isa = PBXFileReference; explicitFileType = sourcecode.c.h; fileEncoding = 30; name = flann_base.hpp; path = ../../../addons/ofxOpenCv/libs/opencv/include/opencv2/flann/flann_base.hpp; sourceTree = SOURCE_ROOT; };
		10AFC81A162B64680031AC9C /* general.h */ = {isa = PBXFileReference; explicitFileType = sourcecode.c.h; fileEncoding = 30; name = general.h; path = ../../../addons/ofxOpenCv/libs/opencv/include/opencv2/flann/general.h; sourceTree = SOURCE_ROOT; };
		10AFC81B162B64680031AC9C /* ground_truth.h */ = {isa = PBXFileReference; explicitFileType = sourcecode.c.h; fileEncoding = 30; name = ground_truth.h; path = ../../../addons/ofxOpenCv/libs/opencv/include/opencv2/flann/ground_truth.h; sourceTree = SOURCE_ROOT; };
		10AFC81C162B64680031AC9C /* hdf5.h */ = {isa = PBXFileReference; explicitFileType = sourcecode.c.h; fileEncoding = 30; name = hdf5.h; path = ../../../addons/ofxOpenCv/libs/opencv/include/opencv2/flann/hdf5.h; sourceTree = SOURCE_ROOT; };
		10AFC81D162B64680031AC9C /* heap.h */ = {isa = PBXFileReference; explicitFileType = sourcecode.c.h; fileEncoding = 30; name = heap.h; path = ../../../addons/ofxOpenCv/libs/opencv/include/opencv2/flann/heap.h; sourceTree = SOURCE_ROOT; };
		10AFC81E162B64680031AC9C /* hierarchical_clustering_index.h */ = {isa = PBXFileReference; explicitFileType = sourcecode.c.h; fileEncoding = 30; name = hierarchical_clustering_index.h; path = ../../../addons/ofxOpenCv/libs/opencv/include/opencv2/flann/hierarchical_clustering_index.h; sourceTree = SOURCE_ROOT; };
		10AFC81F162B64680031AC9C /* index_testing.h */ = {isa = PBXFileReference; explicitFileType = sourcecode.c.h; fileEncoding = 30; name = index_testing.h; path = ../../../addons/ofxOpenCv/libs/opencv/include/opencv2/flann/index_testing.h; sourceTree = SOURCE_ROOT; };
		10AFC820162B64680031AC9C /* kdtree_index.h */ = {isa = PBXFileReference; explicitFileType = sourcecode.c.h; fileEncoding = 30; name = kdtree_index.h; path = ../../../addons/ofxOpenCv/libs/opencv/include/opencv2/flann/kdtree_index.h; sourceTree = SOURCE_ROOT; };
		10AFC821162B64680031AC9C /* kdtree_single_index.h */ = {isa = PBXFileReference; explicitFileType = sourcecode.c.h; fileEncoding = 30; name = kdtree_single_index.h; path = ../../../addons/ofxOpenCv/libs/opencv/include/opencv2/flann/kdtree_single_index.h; sourceTree = SOURCE_ROOT; };
		10AFC822162B64680031AC9C /* kmeans_index.h */ = {isa = PBXFileReference; explicitFileType = sourcecode.c.h; fileEncoding = 30; name = kmeans_index.h; path = ../../../addons/ofxOpenCv/libs/opencv/include/opencv2/flann/kmeans_index.h; sourceTree = SOURCE_ROOT; };
		10AFC823162B64680031AC9C /* linear_index.h */ = {isa = PBXFileReference; explicitFileType = sourcecode.c.h; fileEncoding = 30; name = linear_index.h; path = ../../../addons/ofxOpenCv/libs/opencv/include/opencv2/flann/linear_index.h; sourceTree = SOURCE_ROOT; };
		10AFC824162B64680031AC9C /* logger.h */ = {isa = PBXFileReference; explicitFileType = sourcecode.c.h; fileEncoding = 30; name = logger.h; path = ../../../addons/ofxOpenCv/libs/opencv/include/opencv2/flann/logger.h; sourceTree = SOURCE_ROOT; };
		10AFC825162B64680031AC9C /* lsh_index.h */ = {isa = PBXFileReference; explicitFileType = sourcecode.c.h; fileEncoding = 30; name = lsh_index.h; path = ../../../addons/ofxOpenCv/libs/opencv/include/opencv2/flann/lsh_index.h; sourceTree = SOURCE_ROOT; };
		10AFC826162B64680031AC9C /* lsh_table.h */ = {isa = PBXFileReference; explicitFileType = sourcecode.c.h; fileEncoding = 30; name = lsh_table.h; path = ../../../addons/ofxOpenCv/libs/opencv/include/opencv2/flann/lsh_table.h; sourceTree = SOURCE_ROOT; };
		10AFC827162B64680031AC9C /* matrix.h */ = {isa = PBXFileReference; explicitFileType = sourcecode.c.h; fileEncoding = 30; name = matrix.h; path = ../../../addons/ofxOpenCv/libs/opencv/include/opencv2/flann/matrix.h; sourceTree = SOURCE_ROOT; };
		10AFC828162B64680031AC9C /* miniflann.hpp */ = {isa = PBXFileReference; explicitFileType = sourcecode.c.h; fileEncoding = 30; name = miniflann.hpp; path = ../../../addons/ofxOpenCv/libs/opencv/include/opencv2/flann/miniflann.hpp; sourceTree = SOURCE_ROOT; };
		10AFC829162B64680031AC9C /* nn_index.h */ = {isa = PBXFileReference; explicitFileType = sourcecode.c.h; fileEncoding = 30; name = nn_index.h; path = ../../../addons/ofxOpenCv/libs/opencv/include/opencv2/flann/nn_index.h; sourceTree = SOURCE_ROOT; };
		10AFC82A162B64680031AC9C /* object_factory.h */ = {isa = PBXFileReference; explicitFileType = sourcecode.c.h; fileEncoding = 30; name = object_factory.h; path = ../../../addons/ofxOpenCv/libs/opencv/include/opencv2/flann/object_factory.h; sourceTree = SOURCE_ROOT; };
		10AFC82B162B64680031AC9C /* params.h */ = {isa = PBXFileReference; explicitFileType = sourcecode.c.h; fileEncoding = 30; name = params.h; path = ../../../addons/ofxOpenCv/libs/opencv/include/opencv2/flann/params.h; sourceTree = SOURCE_ROOT; };
		10AFC82C162B64680031AC9C /* random.h */ = {isa = PBXFileReference; explicitFileType = sourcecode.c.h; fileEncoding = 30; name = random.h; path = ../../../addons/ofxOpenCv/libs/opencv/include/opencv2/flann/random.h; sourceTree = SOURCE_ROOT; };
		10AFC82D162B64680031AC9C /* result_set.h */ = {isa = PBXFileReference; explicitFileType = sourcecode.c.h; fileEncoding = 30; name = result_set.h; path = ../../../addons/ofxOpenCv/libs/opencv/include/opencv2/flann/result_set.h; sourceTree = SOURCE_ROOT; };
		10AFC82E162B64680031AC9C /* sampling.h */ = {isa = PBXFileReference; explicitFileType = sourcecode.c.h; fileEncoding = 30; name = sampling.h; path = ../../../addons/ofxOpenCv/libs/opencv/include/opencv2/flann/sampling.h; sourceTree = SOURCE_ROOT; };
		10AFC82F162B64680031AC9C /* saving.h */ = {isa = PBXFileReference; explicitFileType = sourcecode.c.h; fileEncoding = 30; name = saving.h; path = ../../../addons/ofxOpenCv/libs/opencv/include/opencv2/flann/saving.h; sourceTree = SOURCE_ROOT; };
		10AFC830162B64680031AC9C /* simplex_downhill.h */ = {isa = PBXFileReference; explicitFileType = sourcecode.c.h; fileEncoding = 30; name = simplex_downhill.h; path = ../../../addons/ofxOpenCv/libs/opencv/include/opencv2/flann/simplex_downhill.h; sourceTree = SOURCE_ROOT; };
		10AFC831162B64680031AC9C /* timer.h */ = {isa = PBXFileReference; explicitFileType = sourcecode.c.h; fileEncoding = 30; name = timer.h; path = ../../../addons/ofxOpenCv/libs/opencv/include/opencv2/flann/timer.h; sourceTree = SOURCE_ROOT; };
		10AFC833162B64680031AC9C /* devmem2d.hpp */ = {isa = PBXFileReference; explicitFileType = sourcecode.c.h; fileEncoding = 30; name = devmem2d.hpp; path = ../../../addons/ofxOpenCv/libs/opencv/include/opencv2/gpu/devmem2d.hpp; sourceTree = SOURCE_ROOT; };
		10AFC834162B64680031AC9C /* gpu.hpp */ = {isa = PBXFileReference; explicitFileType = sourcecode.c.h; fileEncoding = 30; name = gpu.hpp; path = ../../../addons/ofxOpenCv/libs/opencv/include/opencv2/gpu/gpu.hpp; sourceTree = SOURCE_ROOT; };
		10AFC835162B64680031AC9C /* gpumat.hpp */ = {isa = PBXFileReference; explicitFileType = sourcecode.c.h; fileEncoding = 30; name = gpumat.hpp; path = ../../../addons/ofxOpenCv/libs/opencv/include/opencv2/gpu/gpumat.hpp; sourceTree = SOURCE_ROOT; };
		10AFC836162B64680031AC9C /* matrix_operations.hpp */ = {isa = PBXFileReference; explicitFileType = sourcecode.c.h; fileEncoding = 30; name = matrix_operations.hpp; path = ../../../addons/ofxOpenCv/libs/opencv/include/opencv2/gpu/matrix_operations.hpp; sourceTree = SOURCE_ROOT; };
		10AFC837162B64680031AC9C /* stream_accessor.hpp */ = {isa = PBXFileReference; explicitFileType = sourcecode.c.h; fileEncoding = 30; name = stream_accessor.hpp; path = ../../../addons/ofxOpenCv/libs/opencv/include/opencv2/gpu/stream_accessor.hpp; sourceTree = SOURCE_ROOT; };
		10AFC839162B64680031AC9C /* highgui.hpp */ = {isa = PBXFileReference; explicitFileType = sourcecode.c.h; fileEncoding = 30; name = highgui.hpp; path = ../../../addons/ofxOpenCv/libs/opencv/include/opencv2/highgui/highgui.hpp; sourceTree = SOURCE_ROOT; };
		10AFC83A162B64680031AC9C /* highgui_c.h */ = {isa = PBXFileReference; explicitFileType = sourcecode.c.h; fileEncoding = 30; name = highgui_c.h; path = ../../../addons/ofxOpenCv/libs/opencv/include/opencv2/highgui/highgui_c.h; sourceTree = SOURCE_ROOT; };
		10AFC83C162B64680031AC9C /* imgproc.hpp */ = {isa = PBXFileReference; explicitFileType = sourcecode.c.h; fileEncoding = 30; name = imgproc.hpp; path = ../../../addons/ofxOpenCv/libs/opencv/include/opencv2/imgproc/imgproc.hpp; sourceTree = SOURCE_ROOT; };
		10AFC83D162B64680031AC9C /* imgproc_c.h */ = {isa = PBXFileReference; explicitFileType = sourcecode.c.h; fileEncoding = 30; name = imgproc_c.h; path = ../../../addons/ofxOpenCv/libs/opencv/include/opencv2/imgproc/imgproc_c.h; sourceTree = SOURCE_ROOT; };
		10AFC83E162B64680031AC9C /* types_c.h */ = {isa = PBXFileReference; explicitFileType = sourcecode.c.h; fileEncoding = 30; name = types_c.h; path = ../../../addons/ofxOpenCv/libs/opencv/include/opencv2/imgproc/types_c.h; sourceTree = SOURCE_ROOT; };
		10AFC840162B64680031AC9C /* blobtrack.hpp */ = {isa = PBXFileReference; explicitFileType = sourcecode.c.h; fileEncoding = 30; name = blobtrack.hpp; path = ../../../addons/ofxOpenCv/libs/opencv/include/opencv2/legacy/blobtrack.hpp; sourceTree = SOURCE_ROOT; };
		10AFC841162B64680031AC9C /* compat.hpp */ = {isa = PBXFileReference; explicitFileType = sourcecode.c.h; fileEncoding = 30; name = compat.hpp; path = ../../../addons/ofxOpenCv/libs/opencv/include/opencv2/legacy/compat.hpp; sourceTree = SOURCE_ROOT; };
		10AFC842162B64680031AC9C /* legacy.hpp */ = {isa = PBXFileReference; explicitFileType = sourcecode.c.h; fileEncoding = 30; name = legacy.hpp; path = ../../../addons/ofxOpenCv/libs/opencv/include/opencv2/legacy/legacy.hpp; sourceTree = SOURCE_ROOT; };
		10AFC843162B64680031AC9C /* streams.hpp */ = {isa = PBXFileReference; explicitFileType = sourcecode.c.h; fileEncoding = 30; name = streams.hpp; path = ../../../addons/ofxOpenCv/libs/opencv/include/opencv2/legacy/streams.hpp; sourceTree = SOURCE_ROOT; };
		10AFC845162B64680031AC9C /* ml.hpp */ = {isa = PBXFileReference; explicitFileType = sourcecode.c.h; fileEncoding = 30; name = ml.hpp; path = ../../../addons/ofxOpenCv/libs/opencv/include/opencv2/ml/ml.hpp; sourceTree = SOURCE_ROOT; };
		10AFC847162B64680031AC9C /* objdetect.hpp */ = {isa = PBXFileReference; explicitFileType = sourcecode.c.h; fileEncoding = 30; name = objdetect.hpp; path = ../../../addons/ofxOpenCv/libs/opencv/include/opencv2/objdetect/objdetect.hpp; sourceTree = SOURCE_ROOT; };
		10AFC849162B64680031AC9C /* opencv.hpp */ = {isa = PBXFileReference; explicitFileType = sourcecode.c.h; fileEncoding = 30; name = opencv.hpp; path = ../../../addons/ofxOpenCv/libs/opencv/include/opencv2/opencv.hpp; sourceTree = SOURCE_ROOT; };
		10AFC84A162B64680031AC9C /* ts.hpp */ = {isa = PBXFileReference; explicitFileType = sourcecode.c.h; fileEncoding = 30; name = ts.hpp; path = ../../../addons/ofxOpenCv/libs/opencv/include/opencv2/ts/ts.hpp; sourceTree = SOURCE_ROOT; };
		10AFC84B162B64680031AC9C /* ts_gtest.h */ = {isa = PBXFileReference; explicitFileType = sourcecode.c.h; fileEncoding = 30; name = ts_gtest.h; path = ../../../addons/ofxOpenCv/libs/opencv/include/opencv2/ts/ts_gtest.h; sourceTree = SOURCE_ROOT; };
		10AFC84D162B64680031AC9C /* background_segm.hpp */ = {isa = PBXFileReference; explicitFileType = sourcecode.c.h; fileEncoding = 30; name = background_segm.hpp; path = ../../../addons/ofxOpenCv/libs/opencv/include/opencv2/video/background_segm.hpp; sourceTree = SOURCE_ROOT; };
		10AFC84E162B64680031AC9C /* tracking.hpp */ = {isa = PBXFileReference; explicitFileType = sourcecode.c.h; fileEncoding = 30; name = tracking.hpp; path = ../../../addons/ofxOpenCv/libs/opencv/include/opencv2/video/tracking.hpp; sourceTree = SOURCE_ROOT; };
		10AFC84F162B64680031AC9C /* video.hpp */ = {isa = PBXFileReference; explicitFileType = sourcecode.c.h; fileEncoding = 30; name = video.hpp; path = ../../../addons/ofxOpenCv/libs/opencv/include/opencv2/video/video.hpp; sourceTree = SOURCE_ROOT; };
		10AFC856162B64680031AC9C /* ofxWarpBlendTool.cpp */ = {isa = PBXFileReference; explicitFileType = sourcecode.cpp.cpp; fileEncoding = 30; name = ofxWarpBlendTool.cpp; path = ../../../addons/ofxWarpBlendTool/src/ofxWarpBlendTool.cpp; sourceTree = SOURCE_ROOT; };
		10AFC857162B64680031AC9C /* ofxWarpBlendTool.h */ = {isa = PBXFileReference; explicitFileType = sourcecode.c.h; fileEncoding = 30; name = ofxWarpBlendTool.h; path = ../../../addons/ofxWarpBlendTool/src/ofxWarpBlendTool.h; sourceTree = SOURCE_ROOT; };
		10AFC858162B64680031AC9C /* ofxWarpBlendToolShaders.h */ = {isa = PBXFileReference; explicitFileType = sourcecode.c.h; fileEncoding = 30; name = ofxWarpBlendToolShaders.h; path = ../../../addons/ofxWarpBlendTool/src/ofxWarpBlendToolShaders.h; sourceTree = SOURCE_ROOT; };
		10AFC85B162B64680031AC9C /* ofxXmlSettings.cpp */ = {isa = PBXFileReference; explicitFileType = sourcecode.cpp.cpp; fileEncoding = 30; name = ofxXmlSettings.cpp; path = ../../../addons/ofxXmlSettings/src/ofxXmlSettings.cpp; sourceTree = SOURCE_ROOT; };
		10AFC85C162B64680031AC9C /* ofxXmlSettings.h */ = {isa = PBXFileReference; explicitFileType = sourcecode.c.h; fileEncoding = 30; name = ofxXmlSettings.h; path = ../../../addons/ofxXmlSettings/src/ofxXmlSettings.h; sourceTree = SOURCE_ROOT; };
		10AFC85E162B64680031AC9C /* tinyxml.cpp */ = {isa = PBXFileReference; explicitFileType = sourcecode.cpp.cpp; fileEncoding = 30; name = tinyxml.cpp; path = ../../../addons/ofxXmlSettings/libs/tinyxml.cpp; sourceTree = SOURCE_ROOT; };
		10AFC85F162B64680031AC9C /* tinyxml.h */ = {isa = PBXFileReference; explicitFileType = sourcecode.c.h; fileEncoding = 30; name = tinyxml.h; path = ../../../addons/ofxXmlSettings/libs/tinyxml.h; sourceTree = SOURCE_ROOT; };
		10AFC860162B64680031AC9C /* tinyxmlerror.cpp */ = {isa = PBXFileReference; explicitFileType = sourcecode.cpp.cpp; fileEncoding = 30; name = tinyxmlerror.cpp; path = ../../../addons/ofxXmlSettings/libs/tinyxmlerror.cpp; sourceTree = SOURCE_ROOT; };
		10AFC861162B64680031AC9C /* tinyxmlparser.cpp */ = {isa = PBXFileReference; explicitFileType = sourcecode.cpp.cpp; fileEncoding = 30; name = tinyxmlparser.cpp; path = ../../../addons/ofxXmlSettings/libs/tinyxmlparser.cpp; sourceTree = SOURCE_ROOT; };
		BBAB23BE13894E4700AA2426 /* GLUT.framework */ = {isa = PBXFileReference; lastKnownFileType = wrapper.framework; name = GLUT.framework; path = ../../../libs/glut/lib/osx/GLUT.framework; sourceTree = "<group>"; };
		E4328143138ABC890047C5CB /* openFrameworksLib.xcodeproj */ = {isa = PBXFileReference; lastKnownFileType = "wrapper.pb-project"; name = openFrameworksLib.xcodeproj; path = ../../../libs/openFrameworksCompiled/project/osx/openFrameworksLib.xcodeproj; sourceTree = SOURCE_ROOT; };
		E45BE9710E8CC7DD009D7055 /* AGL.framework */ = {isa = PBXFileReference; lastKnownFileType = wrapper.framework; name = AGL.framework; path = /System/Library/Frameworks/AGL.framework; sourceTree = "<absolute>"; };
		E45BE9720E8CC7DD009D7055 /* ApplicationServices.framework */ = {isa = PBXFileReference; lastKnownFileType = wrapper.framework; name = ApplicationServices.framework; path = /System/Library/Frameworks/ApplicationServices.framework; sourceTree = "<absolute>"; };
		E45BE9730E8CC7DD009D7055 /* AudioToolbox.framework */ = {isa = PBXFileReference; lastKnownFileType = wrapper.framework; name = AudioToolbox.framework; path = /System/Library/Frameworks/AudioToolbox.framework; sourceTree = "<absolute>"; };
		E45BE9740E8CC7DD009D7055 /* Carbon.framework */ = {isa = PBXFileReference; lastKnownFileType = wrapper.framework; name = Carbon.framework; path = /System/Library/Frameworks/Carbon.framework; sourceTree = "<absolute>"; };
		E45BE9750E8CC7DD009D7055 /* CoreAudio.framework */ = {isa = PBXFileReference; lastKnownFileType = wrapper.framework; name = CoreAudio.framework; path = /System/Library/Frameworks/CoreAudio.framework; sourceTree = "<absolute>"; };
		E45BE9760E8CC7DD009D7055 /* CoreFoundation.framework */ = {isa = PBXFileReference; lastKnownFileType = wrapper.framework; name = CoreFoundation.framework; path = /System/Library/Frameworks/CoreFoundation.framework; sourceTree = "<absolute>"; };
		E45BE9770E8CC7DD009D7055 /* CoreServices.framework */ = {isa = PBXFileReference; lastKnownFileType = wrapper.framework; name = CoreServices.framework; path = /System/Library/Frameworks/CoreServices.framework; sourceTree = "<absolute>"; };
		E45BE9790E8CC7DD009D7055 /* OpenGL.framework */ = {isa = PBXFileReference; lastKnownFileType = wrapper.framework; name = OpenGL.framework; path = /System/Library/Frameworks/OpenGL.framework; sourceTree = "<absolute>"; };
		E45BE97A0E8CC7DD009D7055 /* QuickTime.framework */ = {isa = PBXFileReference; lastKnownFileType = wrapper.framework; name = QuickTime.framework; path = /System/Library/Frameworks/QuickTime.framework; sourceTree = "<absolute>"; };
		E4B69B5B0A3A1756003C02F2 /* example-warpBlendToolDebug.app */ = {isa = PBXFileReference; explicitFileType = wrapper.application; includeInIndex = 0; path = "example-warpBlendToolDebug.app"; sourceTree = BUILT_PRODUCTS_DIR; };
		E4B69E1D0A3A1BDC003C02F2 /* main.cpp */ = {isa = PBXFileReference; fileEncoding = 30; lastKnownFileType = sourcecode.cpp.cpp; name = main.cpp; path = src/main.cpp; sourceTree = SOURCE_ROOT; };
		E4B69E1E0A3A1BDC003C02F2 /* testApp.cpp */ = {isa = PBXFileReference; explicitFileType = sourcecode.cpp.cpp; fileEncoding = 30; name = testApp.cpp; path = src/testApp.cpp; sourceTree = SOURCE_ROOT; };
		E4B69E1F0A3A1BDC003C02F2 /* testApp.h */ = {isa = PBXFileReference; fileEncoding = 30; lastKnownFileType = sourcecode.c.h; name = testApp.h; path = src/testApp.h; sourceTree = SOURCE_ROOT; };
		E4B6FCAD0C3E899E008CF71C /* openFrameworks-Info.plist */ = {isa = PBXFileReference; fileEncoding = 30; lastKnownFileType = text.plist.xml; path = "openFrameworks-Info.plist"; sourceTree = "<group>"; };
		E4C2424410CC5A17004149E2 /* AppKit.framework */ = {isa = PBXFileReference; lastKnownFileType = wrapper.framework; name = AppKit.framework; path = /System/Library/Frameworks/AppKit.framework; sourceTree = "<absolute>"; };
		E4C2424510CC5A17004149E2 /* Cocoa.framework */ = {isa = PBXFileReference; lastKnownFileType = wrapper.framework; name = Cocoa.framework; path = /System/Library/Frameworks/Cocoa.framework; sourceTree = "<absolute>"; };
		E4C2424610CC5A17004149E2 /* IOKit.framework */ = {isa = PBXFileReference; lastKnownFileType = wrapper.framework; name = IOKit.framework; path = /System/Library/Frameworks/IOKit.framework; sourceTree = "<absolute>"; };
		E4EB691F138AFCF100A09F29 /* CoreOF.xcconfig */ = {isa = PBXFileReference; fileEncoding = 4; lastKnownFileType = text.xcconfig; name = CoreOF.xcconfig; path = ../../../libs/openFrameworksCompiled/project/osx/CoreOF.xcconfig; sourceTree = SOURCE_ROOT; };
		E4EB6923138AFD0F00A09F29 /* Project.xcconfig */ = {isa = PBXFileReference; fileEncoding = 4; lastKnownFileType = text.xcconfig; path = Project.xcconfig; sourceTree = "<group>"; };
/* End PBXFileReference section */

/* Begin PBXFrameworksBuildPhase section */
		E4B69B590A3A1756003C02F2 /* Frameworks */ = {
			isa = PBXFrameworksBuildPhase;
			buildActionMask = 2147483647;
			files = (
				E4EB6799138ADC1D00A09F29 /* GLUT.framework in Frameworks */,
				E4328149138ABC9F0047C5CB /* openFrameworksDebug.a in Frameworks */,
				E45BE97B0E8CC7DD009D7055 /* AGL.framework in Frameworks */,
				E45BE97C0E8CC7DD009D7055 /* ApplicationServices.framework in Frameworks */,
				E45BE97D0E8CC7DD009D7055 /* AudioToolbox.framework in Frameworks */,
				E45BE97E0E8CC7DD009D7055 /* Carbon.framework in Frameworks */,
				E45BE97F0E8CC7DD009D7055 /* CoreAudio.framework in Frameworks */,
				E45BE9800E8CC7DD009D7055 /* CoreFoundation.framework in Frameworks */,
				E45BE9810E8CC7DD009D7055 /* CoreServices.framework in Frameworks */,
				E45BE9830E8CC7DD009D7055 /* OpenGL.framework in Frameworks */,
				E45BE9840E8CC7DD009D7055 /* QuickTime.framework in Frameworks */,
				E4C2424710CC5A17004149E2 /* AppKit.framework in Frameworks */,
				E4C2424810CC5A17004149E2 /* Cocoa.framework in Frameworks */,
				E4C2424910CC5A17004149E2 /* IOKit.framework in Frameworks */,
			);
			runOnlyForDeploymentPostprocessing = 0;
		};
/* End PBXFrameworksBuildPhase section */

/* Begin PBXGroup section */
		10AFC7C1162B64680031AC9C /* src */ = {
			isa = PBXGroup;
			children = (
				10AFC7BF162B64680031AC9C /* ofxColorsOfMovement.cpp */,
				10AFC7C0162B64680031AC9C /* ofxColorsOfMovement.h */,
			);
			name = src;
			sourceTree = "<group>";
		};
		10AFC7C2162B64680031AC9C /* ofxColorsOfMovement */ = {
			isa = PBXGroup;
			children = (
				10AFC7C1162B64680031AC9C /* src */,
			);
			name = ofxColorsOfMovement;
			sourceTree = "<group>";
		};
		10AFC7C5162B64680031AC9C /* src */ = {
			isa = PBXGroup;
			children = (
				10AFC7C3162B64680031AC9C /* ofxGLWarper.cpp */,
				10AFC7C4162B64680031AC9C /* ofxGLWarper.h */,
			);
			name = src;
			sourceTree = "<group>";
		};
		10AFC7C6162B64680031AC9C /* ofxGLWarper */ = {
			isa = PBXGroup;
			children = (
				10AFC7C5162B64680031AC9C /* src */,
			);
			name = ofxGLWarper;
			sourceTree = "<group>";
		};
		10AFC7D6162B64680031AC9C /* src */ = {
			isa = PBXGroup;
			children = (
				10AFC7C7162B64680031AC9C /* ofOscParameter.h */,
				10AFC7C8162B64680031AC9C /* ofParameter.h */,
				10AFC7C9162B64680031AC9C /* ofxBaseGui.cpp */,
				10AFC7CA162B64680031AC9C /* ofxBaseGui.h */,
				10AFC7CB162B64680031AC9C /* ofxButton.cpp */,
				10AFC7CC162B64680031AC9C /* ofxButton.h */,
				10AFC7CD162B64680031AC9C /* ofxGui.h */,
				10AFC7CE162B64680031AC9C /* ofxLabel.cpp */,
				10AFC7CF162B64680031AC9C /* ofxLabel.h */,
				10AFC7D0162B64680031AC9C /* ofxPanel.cpp */,
				10AFC7D1162B64680031AC9C /* ofxPanel.h */,
				10AFC7D2162B64680031AC9C /* ofxSlider.cpp */,
				10AFC7D3162B64680031AC9C /* ofxSlider.h */,
				10AFC7D4162B64680031AC9C /* ofxToggle.cpp */,
				10AFC7D5162B64680031AC9C /* ofxToggle.h */,
			);
			name = src;
			sourceTree = "<group>";
		};
		10AFC7D7162B64680031AC9C /* ofxGui */ = {
			isa = PBXGroup;
			children = (
				10AFC7D6162B64680031AC9C /* src */,
			);
			name = ofxGui;
			sourceTree = "<group>";
		};
		10AFC7DC162B64680031AC9C /* src */ = {
			isa = PBXGroup;
			children = (
				10AFC7D8162B64680031AC9C /* ofxModifierKeys.h */,
				10AFC7D9162B64680031AC9C /* ofxModifierKeys_impl_linux.cpp */,
				10AFC7DA162B64680031AC9C /* ofxModifierKeys_impl_mac.mm */,
				10AFC7DB162B64680031AC9C /* ofxModifierKeys_impl_win.cpp */,
			);
			name = src;
			sourceTree = "<group>";
		};
		10AFC7DD162B64680031AC9C /* ofxModifierKeys */ = {
			isa = PBXGroup;
			children = (
				10AFC7DC162B64680031AC9C /* src */,
			);
			name = ofxModifierKeys;
			sourceTree = "<group>";
		};
		10AFC7F0162B64680031AC9C /* src */ = {
			isa = PBXGroup;
			children = (
				10AFC7DE162B64680031AC9C /* ofxCvBlob.h */,
				10AFC7DF162B64680031AC9C /* ofxCvColorImage.cpp */,
				10AFC7E0162B64680031AC9C /* ofxCvColorImage.h */,
				10AFC7E1162B64680031AC9C /* ofxCvConstants.h */,
				10AFC7E2162B64680031AC9C /* ofxCvContourFinder.cpp */,
				10AFC7E3162B64680031AC9C /* ofxCvContourFinder.h */,
				10AFC7E4162B64680031AC9C /* ofxCvFloatImage.cpp */,
				10AFC7E5162B64680031AC9C /* ofxCvFloatImage.h */,
				10AFC7E6162B64680031AC9C /* ofxCvGrayscaleImage.cpp */,
				10AFC7E7162B64680031AC9C /* ofxCvGrayscaleImage.h */,
				10AFC7E8162B64680031AC9C /* ofxCvHaarFinder.cpp */,
				10AFC7E9162B64680031AC9C /* ofxCvHaarFinder.h */,
				10AFC7EA162B64680031AC9C /* ofxCvImage.cpp */,
				10AFC7EB162B64680031AC9C /* ofxCvImage.h */,
				10AFC7EC162B64680031AC9C /* ofxCvMain.h */,
				10AFC7ED162B64680031AC9C /* ofxCvShortImage.cpp */,
				10AFC7EE162B64680031AC9C /* ofxCvShortImage.h */,
				10AFC7EF162B64680031AC9C /* ofxOpenCv.h */,
			);
			name = src;
			sourceTree = "<group>";
		};
		10AFC7FC162B64680031AC9C /* opencv */ = {
			isa = PBXGroup;
			children = (
				10AFC7F1162B64680031AC9C /* cv.h */,
				10AFC7F2162B64680031AC9C /* cv.hpp */,
				10AFC7F3162B64680031AC9C /* cvaux.h */,
				10AFC7F4162B64680031AC9C /* cvaux.hpp */,
				10AFC7F5162B64680031AC9C /* cvwimage.h */,
				10AFC7F6162B64680031AC9C /* cxcore.h */,
				10AFC7F7162B64680031AC9C /* cxcore.hpp */,
				10AFC7F8162B64680031AC9C /* cxeigen.hpp */,
				10AFC7F9162B64680031AC9C /* cxmisc.h */,
				10AFC7FA162B64680031AC9C /* highgui.h */,
				10AFC7FB162B64680031AC9C /* ml.h */,
			);
			name = opencv;
			sourceTree = "<group>";
		};
		10AFC7FE162B64680031AC9C /* calib3d */ = {
			isa = PBXGroup;
			children = (
				10AFC7FD162B64680031AC9C /* calib3d.hpp */,
			);
			name = calib3d;
			sourceTree = "<group>";
		};
		10AFC801162B64680031AC9C /* contrib */ = {
			isa = PBXGroup;
			children = (
				10AFC7FF162B64680031AC9C /* contrib.hpp */,
				10AFC800162B64680031AC9C /* retina.hpp */,
			);
			name = contrib;
			sourceTree = "<group>";
		};
		10AFC80B162B64680031AC9C /* core */ = {
			isa = PBXGroup;
			children = (
				10AFC802162B64680031AC9C /* core.hpp */,
				10AFC803162B64680031AC9C /* core_c.h */,
				10AFC804162B64680031AC9C /* eigen.hpp */,
				10AFC805162B64680031AC9C /* internal.hpp */,
				10AFC806162B64680031AC9C /* mat.hpp */,
				10AFC807162B64680031AC9C /* operations.hpp */,
				10AFC808162B64680031AC9C /* types_c.h */,
				10AFC809162B64680031AC9C /* version.hpp */,
				10AFC80A162B64680031AC9C /* wimage.hpp */,
			);
			name = core;
			sourceTree = "<group>";
		};
		10AFC80D162B64680031AC9C /* features2d */ = {
			isa = PBXGroup;
			children = (
				10AFC80C162B64680031AC9C /* features2d.hpp */,
			);
			name = features2d;
			sourceTree = "<group>";
		};
		10AFC832162B64680031AC9C /* flann */ = {
			isa = PBXGroup;
			children = (
				10AFC80E162B64680031AC9C /* all_indices.h */,
				10AFC80F162B64680031AC9C /* allocator.h */,
				10AFC810162B64680031AC9C /* any.h */,
				10AFC811162B64680031AC9C /* autotuned_index.h */,
				10AFC812162B64680031AC9C /* composite_index.h */,
				10AFC813162B64680031AC9C /* config.h */,
				10AFC814162B64680031AC9C /* defines.h */,
				10AFC815162B64680031AC9C /* dist.h */,
				10AFC816162B64680031AC9C /* dummy.h */,
				10AFC817162B64680031AC9C /* dynamic_bitset.h */,
				10AFC818162B64680031AC9C /* flann.hpp */,
				10AFC819162B64680031AC9C /* flann_base.hpp */,
				10AFC81A162B64680031AC9C /* general.h */,
				10AFC81B162B64680031AC9C /* ground_truth.h */,
				10AFC81C162B64680031AC9C /* hdf5.h */,
				10AFC81D162B64680031AC9C /* heap.h */,
				10AFC81E162B64680031AC9C /* hierarchical_clustering_index.h */,
				10AFC81F162B64680031AC9C /* index_testing.h */,
				10AFC820162B64680031AC9C /* kdtree_index.h */,
				10AFC821162B64680031AC9C /* kdtree_single_index.h */,
				10AFC822162B64680031AC9C /* kmeans_index.h */,
				10AFC823162B64680031AC9C /* linear_index.h */,
				10AFC824162B64680031AC9C /* logger.h */,
				10AFC825162B64680031AC9C /* lsh_index.h */,
				10AFC826162B64680031AC9C /* lsh_table.h */,
				10AFC827162B64680031AC9C /* matrix.h */,
				10AFC828162B64680031AC9C /* miniflann.hpp */,
				10AFC829162B64680031AC9C /* nn_index.h */,
				10AFC82A162B64680031AC9C /* object_factory.h */,
				10AFC82B162B64680031AC9C /* params.h */,
				10AFC82C162B64680031AC9C /* random.h */,
				10AFC82D162B64680031AC9C /* result_set.h */,
				10AFC82E162B64680031AC9C /* sampling.h */,
				10AFC82F162B64680031AC9C /* saving.h */,
				10AFC830162B64680031AC9C /* simplex_downhill.h */,
				10AFC831162B64680031AC9C /* timer.h */,
			);
			name = flann;
			sourceTree = "<group>";
		};
		10AFC838162B64680031AC9C /* gpu */ = {
			isa = PBXGroup;
			children = (
				10AFC833162B64680031AC9C /* devmem2d.hpp */,
				10AFC834162B64680031AC9C /* gpu.hpp */,
				10AFC835162B64680031AC9C /* gpumat.hpp */,
				10AFC836162B64680031AC9C /* matrix_operations.hpp */,
				10AFC837162B64680031AC9C /* stream_accessor.hpp */,
			);
			name = gpu;
			sourceTree = "<group>";
		};
		10AFC83B162B64680031AC9C /* highgui */ = {
			isa = PBXGroup;
			children = (
				10AFC839162B64680031AC9C /* highgui.hpp */,
				10AFC83A162B64680031AC9C /* highgui_c.h */,
			);
			name = highgui;
			sourceTree = "<group>";
		};
		10AFC83F162B64680031AC9C /* imgproc */ = {
			isa = PBXGroup;
			children = (
				10AFC83C162B64680031AC9C /* imgproc.hpp */,
				10AFC83D162B64680031AC9C /* imgproc_c.h */,
				10AFC83E162B64680031AC9C /* types_c.h */,
			);
			name = imgproc;
			sourceTree = "<group>";
		};
		10AFC844162B64680031AC9C /* legacy */ = {
			isa = PBXGroup;
			children = (
				10AFC840162B64680031AC9C /* blobtrack.hpp */,
				10AFC841162B64680031AC9C /* compat.hpp */,
				10AFC842162B64680031AC9C /* legacy.hpp */,
				10AFC843162B64680031AC9C /* streams.hpp */,
			);
			name = legacy;
			sourceTree = "<group>";
		};
		10AFC846162B64680031AC9C /* ml */ = {
			isa = PBXGroup;
			children = (
				10AFC845162B64680031AC9C /* ml.hpp */,
			);
			name = ml;
			sourceTree = "<group>";
		};
		10AFC848162B64680031AC9C /* objdetect */ = {
			isa = PBXGroup;
			children = (
				10AFC847162B64680031AC9C /* objdetect.hpp */,
			);
			name = objdetect;
			sourceTree = "<group>";
		};
		10AFC84C162B64680031AC9C /* ts */ = {
			isa = PBXGroup;
			children = (
				10AFC84A162B64680031AC9C /* ts.hpp */,
				10AFC84B162B64680031AC9C /* ts_gtest.h */,
			);
			name = ts;
			sourceTree = "<group>";
		};
		10AFC850162B64680031AC9C /* video */ = {
			isa = PBXGroup;
			children = (
				10AFC84D162B64680031AC9C /* background_segm.hpp */,
				10AFC84E162B64680031AC9C /* tracking.hpp */,
				10AFC84F162B64680031AC9C /* video.hpp */,
			);
			name = video;
			sourceTree = "<group>";
		};
		10AFC851162B64680031AC9C /* opencv2 */ = {
			isa = PBXGroup;
			children = (
				10AFC7FE162B64680031AC9C /* calib3d */,
				10AFC801162B64680031AC9C /* contrib */,
				10AFC80B162B64680031AC9C /* core */,
				10AFC80D162B64680031AC9C /* features2d */,
				10AFC832162B64680031AC9C /* flann */,
				10AFC838162B64680031AC9C /* gpu */,
				10AFC83B162B64680031AC9C /* highgui */,
				10AFC83F162B64680031AC9C /* imgproc */,
				10AFC844162B64680031AC9C /* legacy */,
				10AFC846162B64680031AC9C /* ml */,
				10AFC848162B64680031AC9C /* objdetect */,
				10AFC849162B64680031AC9C /* opencv.hpp */,
				10AFC84C162B64680031AC9C /* ts */,
				10AFC850162B64680031AC9C /* video */,
			);
			name = opencv2;
			sourceTree = "<group>";
		};
		10AFC852162B64680031AC9C /* include */ = {
			isa = PBXGroup;
			children = (
				10AFC7FC162B64680031AC9C /* opencv */,
				10AFC851162B64680031AC9C /* opencv2 */,
			);
			name = include;
			sourceTree = "<group>";
		};
		10AFC853162B64680031AC9C /* opencv */ = {
			isa = PBXGroup;
			children = (
				10AFC852162B64680031AC9C /* include */,
			);
			name = opencv;
			sourceTree = "<group>";
		};
		10AFC854162B64680031AC9C /* libs */ = {
			isa = PBXGroup;
			children = (
				10AFC853162B64680031AC9C /* opencv */,
			);
			name = libs;
			sourceTree = "<group>";
		};
		10AFC855162B64680031AC9C /* ofxOpenCv */ = {
			isa = PBXGroup;
			children = (
				10AFC7F0162B64680031AC9C /* src */,
				10AFC854162B64680031AC9C /* libs */,
			);
			name = ofxOpenCv;
			sourceTree = "<group>";
		};
		10AFC859162B64680031AC9C /* src */ = {
			isa = PBXGroup;
			children = (
				10AFC856162B64680031AC9C /* ofxWarpBlendTool.cpp */,
				10AFC857162B64680031AC9C /* ofxWarpBlendTool.h */,
				10AFC858162B64680031AC9C /* ofxWarpBlendToolShaders.h */,
			);
			name = src;
			sourceTree = "<group>";
		};
		10AFC85A162B64680031AC9C /* ofxWarpBlendTool */ = {
			isa = PBXGroup;
			children = (
				10AFC859162B64680031AC9C /* src */,
			);
			name = ofxWarpBlendTool;
			sourceTree = "<group>";
		};
		10AFC85D162B64680031AC9C /* src */ = {
			isa = PBXGroup;
			children = (
				10AFC85B162B64680031AC9C /* ofxXmlSettings.cpp */,
				10AFC85C162B64680031AC9C /* ofxXmlSettings.h */,
			);
			name = src;
			sourceTree = "<group>";
		};
		10AFC862162B64680031AC9C /* libs */ = {
			isa = PBXGroup;
			children = (
				10AFC85E162B64680031AC9C /* tinyxml.cpp */,
				10AFC85F162B64680031AC9C /* tinyxml.h */,
				10AFC860162B64680031AC9C /* tinyxmlerror.cpp */,
				10AFC861162B64680031AC9C /* tinyxmlparser.cpp */,
			);
			name = libs;
			sourceTree = "<group>";
		};
		10AFC863162B64680031AC9C /* ofxXmlSettings */ = {
			isa = PBXGroup;
			children = (
				10AFC85D162B64680031AC9C /* src */,
				10AFC862162B64680031AC9C /* libs */,
			);
			name = ofxXmlSettings;
			sourceTree = "<group>";
		};
		BB4B014C10F69532006C3DED /* addons */ = {
			isa = PBXGroup;
			children = (
				10AFC7C2162B64680031AC9C /* ofxColorsOfMovement */,
				10AFC7C6162B64680031AC9C /* ofxGLWarper */,
				10AFC7D7162B64680031AC9C /* ofxGui */,
				10AFC7DD162B64680031AC9C /* ofxModifierKeys */,
				10AFC855162B64680031AC9C /* ofxOpenCv */,
				10AFC85A162B64680031AC9C /* ofxWarpBlendTool */,
				10AFC863162B64680031AC9C /* ofxXmlSettings */,
			);
			name = addons;
			sourceTree = "<group>";
		};
		BBAB23C913894ECA00AA2426 /* system frameworks */ = {
			isa = PBXGroup;
			children = (
				E4C2424410CC5A17004149E2 /* AppKit.framework */,
				E4C2424510CC5A17004149E2 /* Cocoa.framework */,
				E4C2424610CC5A17004149E2 /* IOKit.framework */,
				E45BE9710E8CC7DD009D7055 /* AGL.framework */,
				E45BE9720E8CC7DD009D7055 /* ApplicationServices.framework */,
				E45BE9730E8CC7DD009D7055 /* AudioToolbox.framework */,
				E45BE9740E8CC7DD009D7055 /* Carbon.framework */,
				E45BE9750E8CC7DD009D7055 /* CoreAudio.framework */,
				E45BE9760E8CC7DD009D7055 /* CoreFoundation.framework */,
				E45BE9770E8CC7DD009D7055 /* CoreServices.framework */,
				E45BE9790E8CC7DD009D7055 /* OpenGL.framework */,
				E45BE97A0E8CC7DD009D7055 /* QuickTime.framework */,
			);
			name = "system frameworks";
			sourceTree = "<group>";
		};
		BBAB23CA13894EDB00AA2426 /* 3rd party frameworks */ = {
			isa = PBXGroup;
			children = (
				BBAB23BE13894E4700AA2426 /* GLUT.framework */,
			);
			name = "3rd party frameworks";
			sourceTree = "<group>";
		};
		E4328144138ABC890047C5CB /* Products */ = {
			isa = PBXGroup;
			children = (
				E4328148138ABC890047C5CB /* openFrameworksDebug.a */,
			);
			name = Products;
			sourceTree = "<group>";
		};
		E45BE5980E8CC70C009D7055 /* frameworks */ = {
			isa = PBXGroup;
			children = (
				BBAB23CA13894EDB00AA2426 /* 3rd party frameworks */,
				BBAB23C913894ECA00AA2426 /* system frameworks */,
			);
			name = frameworks;
			sourceTree = "<group>";
		};
		E4B69B4A0A3A1720003C02F2 = {
			isa = PBXGroup;
			children = (
				E4B6FCAD0C3E899E008CF71C /* openFrameworks-Info.plist */,
				E4EB6923138AFD0F00A09F29 /* Project.xcconfig */,
				E4B69E1C0A3A1BDC003C02F2 /* src */,
				E4EEC9E9138DF44700A80321 /* openFrameworks */,
				BB4B014C10F69532006C3DED /* addons */,
				E45BE5980E8CC70C009D7055 /* frameworks */,
				E4B69B5B0A3A1756003C02F2 /* example-warpBlendToolDebug.app */,
			);
			sourceTree = "<group>";
		};
		E4B69E1C0A3A1BDC003C02F2 /* src */ = {
			isa = PBXGroup;
			children = (
				E4B69E1D0A3A1BDC003C02F2 /* main.cpp */,
				E4B69E1E0A3A1BDC003C02F2 /* testApp.cpp */,
				E4B69E1F0A3A1BDC003C02F2 /* testApp.h */,
			);
			path = src;
			sourceTree = SOURCE_ROOT;
		};
		E4EEC9E9138DF44700A80321 /* openFrameworks */ = {
			isa = PBXGroup;
			children = (
				E4EB691F138AFCF100A09F29 /* CoreOF.xcconfig */,
				E4328143138ABC890047C5CB /* openFrameworksLib.xcodeproj */,
			);
			name = openFrameworks;
			sourceTree = "<group>";
		};
/* End PBXGroup section */

/* Begin PBXNativeTarget section */
		E4B69B5A0A3A1756003C02F2 /* example-warpBlendTool */ = {
			isa = PBXNativeTarget;
			buildConfigurationList = E4B69B5F0A3A1757003C02F2 /* Build configuration list for PBXNativeTarget "example-warpBlendTool" */;
			buildPhases = (
				E4B69B580A3A1756003C02F2 /* Sources */,
				E4B69B590A3A1756003C02F2 /* Frameworks */,
				E4B6FFFD0C3F9AB9008CF71C /* ShellScript */,
				E4C2427710CC5ABF004149E2 /* CopyFiles */,
			);
			buildRules = (
			);
			dependencies = (
				E4EEB9AC138B136A00A80321 /* PBXTargetDependency */,
			);
			name = "example-warpBlendTool";
			productName = myOFApp;
			productReference = E4B69B5B0A3A1756003C02F2 /* example-warpBlendToolDebug.app */;
			productType = "com.apple.product-type.application";
		};
/* End PBXNativeTarget section */

/* Begin PBXProject section */
		E4B69B4C0A3A1720003C02F2 /* Project object */ = {
			isa = PBXProject;
			buildConfigurationList = E4B69B4D0A3A1720003C02F2 /* Build configuration list for PBXProject "example-warpBlendTool" */;
			compatibilityVersion = "Xcode 2.4";
			developmentRegion = English;
			hasScannedForEncodings = 0;
			knownRegions = (
				English,
				Japanese,
				French,
				German,
			);
			mainGroup = E4B69B4A0A3A1720003C02F2;
			productRefGroup = E4B69B4A0A3A1720003C02F2;
			projectDirPath = "";
			projectReferences = (
				{
					ProductGroup = E4328144138ABC890047C5CB /* Products */;
					ProjectRef = E4328143138ABC890047C5CB /* openFrameworksLib.xcodeproj */;
				},
			);
			projectRoot = "";
			targets = (
				E4B69B5A0A3A1756003C02F2 /* example-warpBlendTool */,
			);
		};
/* End PBXProject section */

/* Begin PBXReferenceProxy section */
		E4328148138ABC890047C5CB /* openFrameworksDebug.a */ = {
			isa = PBXReferenceProxy;
			fileType = archive.ar;
			path = openFrameworksDebug.a;
			remoteRef = E4328147138ABC890047C5CB /* PBXContainerItemProxy */;
			sourceTree = BUILT_PRODUCTS_DIR;
		};
/* End PBXReferenceProxy section */

/* Begin PBXShellScriptBuildPhase section */
		E4B6FFFD0C3F9AB9008CF71C /* ShellScript */ = {
			isa = PBXShellScriptBuildPhase;
			buildActionMask = 2147483647;
			files = (
			);
			inputPaths = (
			);
			outputPaths = (
			);
			runOnlyForDeploymentPostprocessing = 0;
			shellPath = /bin/sh;
			shellScript = "cp -f ../../../libs/fmodex/lib/osx/libfmodex.dylib \"$TARGET_BUILD_DIR/$PRODUCT_NAME.app/Contents/MacOS/libfmodex.dylib\"; install_name_tool -change ./libfmodex.dylib @executable_path/libfmodex.dylib \"$TARGET_BUILD_DIR/$PRODUCT_NAME.app/Contents/MacOS/$PRODUCT_NAME\";";
		};
/* End PBXShellScriptBuildPhase section */

/* Begin PBXSourcesBuildPhase section */
		E4B69B580A3A1756003C02F2 /* Sources */ = {
			isa = PBXSourcesBuildPhase;
			buildActionMask = 2147483647;
			files = (
				E4B69E200A3A1BDC003C02F2 /* main.cpp in Sources */,
				E4B69E210A3A1BDC003C02F2 /* testApp.cpp in Sources */,
				10AFC868162B64680031AC9C /* ofxColorsOfMovement.cpp in Sources */,
				10AFC869162B64680031AC9C /* ofxGLWarper.cpp in Sources */,
				10AFC86A162B64680031AC9C /* ofxBaseGui.cpp in Sources */,
				10AFC86B162B64680031AC9C /* ofxButton.cpp in Sources */,
				10AFC86C162B64680031AC9C /* ofxLabel.cpp in Sources */,
				10AFC86D162B64680031AC9C /* ofxPanel.cpp in Sources */,
				10AFC86E162B64680031AC9C /* ofxSlider.cpp in Sources */,
				10AFC86F162B64680031AC9C /* ofxToggle.cpp in Sources */,
				10AFC870162B64680031AC9C /* ofxModifierKeys_impl_linux.cpp in Sources */,
				10AFC871162B64680031AC9C /* ofxModifierKeys_impl_mac.mm in Sources */,
				10AFC872162B64680031AC9C /* ofxModifierKeys_impl_win.cpp in Sources */,
				10AFC873162B64680031AC9C /* ofxCvColorImage.cpp in Sources */,
				10AFC874162B64680031AC9C /* ofxCvContourFinder.cpp in Sources */,
				10AFC875162B64680031AC9C /* ofxCvFloatImage.cpp in Sources */,
				10AFC876162B64680031AC9C /* ofxCvGrayscaleImage.cpp in Sources */,
				10AFC877162B64680031AC9C /* ofxCvHaarFinder.cpp in Sources */,
				10AFC878162B64680031AC9C /* ofxCvImage.cpp in Sources */,
				10AFC879162B64680031AC9C /* ofxCvShortImage.cpp in Sources */,
				10AFC87A162B64680031AC9C /* ofxWarpBlendTool.cpp in Sources */,
				10AFC87B162B64680031AC9C /* ofxXmlSettings.cpp in Sources */,
				10AFC87C162B64680031AC9C /* tinyxml.cpp in Sources */,
				10AFC87D162B64680031AC9C /* tinyxmlerror.cpp in Sources */,
				10AFC87E162B64680031AC9C /* tinyxmlparser.cpp in Sources */,
			);
			runOnlyForDeploymentPostprocessing = 0;
		};
/* End PBXSourcesBuildPhase section */

/* Begin PBXTargetDependency section */
		E4EEB9AC138B136A00A80321 /* PBXTargetDependency */ = {
			isa = PBXTargetDependency;
			name = openFrameworks;
			targetProxy = E4EEB9AB138B136A00A80321 /* PBXContainerItemProxy */;
		};
/* End PBXTargetDependency section */

/* Begin XCBuildConfiguration section */
		E4B69B4E0A3A1720003C02F2 /* Debug */ = {
			isa = XCBuildConfiguration;
			baseConfigurationReference = E4EB6923138AFD0F00A09F29 /* Project.xcconfig */;
			buildSettings = {
				ARCHS = "$(NATIVE_ARCH)";
				CONFIGURATION_BUILD_DIR = "$(SRCROOT)/bin/";
				COPY_PHASE_STRIP = NO;
				DEAD_CODE_STRIPPING = YES;
				GCC_AUTO_VECTORIZATION = YES;
				GCC_ENABLE_SSE3_EXTENSIONS = YES;
				GCC_ENABLE_SUPPLEMENTAL_SSE3_INSTRUCTIONS = YES;
				GCC_INLINES_ARE_PRIVATE_EXTERN = NO;
				GCC_OPTIMIZATION_LEVEL = 0;
				GCC_SYMBOLS_PRIVATE_EXTERN = NO;
				GCC_WARN_ABOUT_DEPRECATED_FUNCTIONS = YES;
				GCC_WARN_ABOUT_INVALID_OFFSETOF_MACRO = NO;
				GCC_WARN_ALLOW_INCOMPLETE_PROTOCOL = NO;
				GCC_WARN_UNINITIALIZED_AUTOS = NO;
				GCC_WARN_UNUSED_VALUE = NO;
				GCC_WARN_UNUSED_VARIABLE = NO;
				HEADER_SEARCH_PATHS = (
					"$(OF_CORE_HEADERS)",
					../../../addons/ofxColorsOfMovement/libs,
					../../../addons/ofxColorsOfMovement/src,
					../../../addons/ofxGLWarper/libs,
					../../../addons/ofxGLWarper/src,
					../../../addons/ofxGui/libs,
					../../../addons/ofxGui/src,
					../../../addons/ofxModifierKeys/libs,
					../../../addons/ofxModifierKeys/src,
					../../../addons/ofxOpenCv/libs,
					../../../addons/ofxOpenCv/libs/opencv,
					../../../addons/ofxOpenCv/libs/opencv/include,
					../../../addons/ofxOpenCv/libs/opencv/include/opencv,
					../../../addons/ofxOpenCv/libs/opencv/include/opencv2,
					../../../addons/ofxOpenCv/libs/opencv/include/opencv2/calib3d,
					../../../addons/ofxOpenCv/libs/opencv/include/opencv2/contrib,
					../../../addons/ofxOpenCv/libs/opencv/include/opencv2/core,
					../../../addons/ofxOpenCv/libs/opencv/include/opencv2/features2d,
					../../../addons/ofxOpenCv/libs/opencv/include/opencv2/flann,
					../../../addons/ofxOpenCv/libs/opencv/include/opencv2/gpu,
					../../../addons/ofxOpenCv/libs/opencv/include/opencv2/highgui,
					../../../addons/ofxOpenCv/libs/opencv/include/opencv2/imgproc,
					../../../addons/ofxOpenCv/libs/opencv/include/opencv2/legacy,
					../../../addons/ofxOpenCv/libs/opencv/include/opencv2/ml,
					../../../addons/ofxOpenCv/libs/opencv/include/opencv2/objdetect,
					../../../addons/ofxOpenCv/libs/opencv/include/opencv2/ts,
					../../../addons/ofxOpenCv/libs/opencv/include/opencv2/video,
					../../../addons/ofxOpenCv/libs/opencv/lib,
					../../../addons/ofxOpenCv/libs/opencv/lib/osx,
					../../../addons/ofxOpenCv/src,
					../../../addons/ofxWarpBlendTool/libs,
					../../../addons/ofxWarpBlendTool/src,
					../../../addons/ofxXmlSettings/libs,
					../../../addons/ofxXmlSettings/src,
				);
				OTHER_CPLUSPLUSFLAGS = (
					"-D__MACOSX_CORE__",
					"-lpthread",
					"-mtune=native",
				);
				OTHER_LDFLAGS = (
					"$(OF_CORE_LIBS)",
					../../../addons/ofxOpenCv/libs/opencv/lib/osx/opencv.a,
				);
			};
			name = Debug;
		};
		E4B69B4F0A3A1720003C02F2 /* Release */ = {
			isa = XCBuildConfiguration;
			baseConfigurationReference = E4EB6923138AFD0F00A09F29 /* Project.xcconfig */;
			buildSettings = {
				ARCHS = "$(NATIVE_ARCH)";
				CONFIGURATION_BUILD_DIR = "$(SRCROOT)/bin/";
				COPY_PHASE_STRIP = YES;
				DEAD_CODE_STRIPPING = YES;
				GCC_AUTO_VECTORIZATION = YES;
				GCC_ENABLE_SSE3_EXTENSIONS = YES;
				GCC_ENABLE_SUPPLEMENTAL_SSE3_INSTRUCTIONS = YES;
				GCC_INLINES_ARE_PRIVATE_EXTERN = NO;
				GCC_OPTIMIZATION_LEVEL = 3;
				GCC_SYMBOLS_PRIVATE_EXTERN = NO;
				GCC_UNROLL_LOOPS = YES;
				GCC_WARN_ABOUT_DEPRECATED_FUNCTIONS = YES;
				GCC_WARN_ABOUT_INVALID_OFFSETOF_MACRO = NO;
				GCC_WARN_ALLOW_INCOMPLETE_PROTOCOL = NO;
				GCC_WARN_UNINITIALIZED_AUTOS = NO;
				GCC_WARN_UNUSED_VALUE = NO;
				GCC_WARN_UNUSED_VARIABLE = NO;
				HEADER_SEARCH_PATHS = (
					"$(OF_CORE_HEADERS)",
					../../../addons/ofxColorsOfMovement/libs,
					../../../addons/ofxColorsOfMovement/src,
					../../../addons/ofxGLWarper/libs,
					../../../addons/ofxGLWarper/src,
					../../../addons/ofxGui/libs,
					../../../addons/ofxGui/src,
					../../../addons/ofxModifierKeys/libs,
					../../../addons/ofxModifierKeys/src,
					../../../addons/ofxOpenCv/libs,
					../../../addons/ofxOpenCv/libs/opencv,
					../../../addons/ofxOpenCv/libs/opencv/include,
					../../../addons/ofxOpenCv/libs/opencv/include/opencv,
					../../../addons/ofxOpenCv/libs/opencv/include/opencv2,
					../../../addons/ofxOpenCv/libs/opencv/include/opencv2/calib3d,
					../../../addons/ofxOpenCv/libs/opencv/include/opencv2/contrib,
					../../../addons/ofxOpenCv/libs/opencv/include/opencv2/core,
					../../../addons/ofxOpenCv/libs/opencv/include/opencv2/features2d,
					../../../addons/ofxOpenCv/libs/opencv/include/opencv2/flann,
					../../../addons/ofxOpenCv/libs/opencv/include/opencv2/gpu,
					../../../addons/ofxOpenCv/libs/opencv/include/opencv2/highgui,
					../../../addons/ofxOpenCv/libs/opencv/include/opencv2/imgproc,
					../../../addons/ofxOpenCv/libs/opencv/include/opencv2/legacy,
					../../../addons/ofxOpenCv/libs/opencv/include/opencv2/ml,
					../../../addons/ofxOpenCv/libs/opencv/include/opencv2/objdetect,
					../../../addons/ofxOpenCv/libs/opencv/include/opencv2/ts,
					../../../addons/ofxOpenCv/libs/opencv/include/opencv2/video,
					../../../addons/ofxOpenCv/libs/opencv/lib,
					../../../addons/ofxOpenCv/libs/opencv/lib/osx,
					../../../addons/ofxOpenCv/src,
					../../../addons/ofxWarpBlendTool/libs,
					../../../addons/ofxWarpBlendTool/src,
					../../../addons/ofxXmlSettings/libs,
					../../../addons/ofxXmlSettings/src,
				);
				OTHER_CPLUSPLUSFLAGS = (
					"-D__MACOSX_CORE__",
					"-lpthread",
					"-mtune=native",
				);
				OTHER_LDFLAGS = (
					"$(OF_CORE_LIBS)",
					../../../addons/ofxOpenCv/libs/opencv/lib/osx/opencv.a,
				);
			};
			name = Release;
		};
		E4B69B600A3A1757003C02F2 /* Debug */ = {
			isa = XCBuildConfiguration;
			buildSettings = {
				COPY_PHASE_STRIP = NO;
				FRAMEWORK_SEARCH_PATHS = (
					"$(inherited)",
					"$(FRAMEWORK_SEARCH_PATHS_QUOTED_FOR_TARGET_1)",
				);
				FRAMEWORK_SEARCH_PATHS_QUOTED_FOR_TARGET_1 = "\"$(SRCROOT)/../../../libs/glut/lib/osx\"";
				GCC_DYNAMIC_NO_PIC = NO;
				GCC_ENABLE_FIX_AND_CONTINUE = YES;
				GCC_GENERATE_DEBUGGING_SYMBOLS = YES;
				GCC_MODEL_TUNING = NONE;
				GCC_PRECOMPILE_PREFIX_HEADER = YES;
				GCC_PREFIX_HEADER = "$(SYSTEM_LIBRARY_DIR)/Frameworks/Carbon.framework/Headers/Carbon.h";
				INFOPLIST_FILE = "openFrameworks-Info.plist";
				INSTALL_PATH = "$(HOME)/Applications";
				LIBRARY_SEARCH_PATHS = (
					"$(inherited)",
					"$(LIBRARY_SEARCH_PATHS_QUOTED_FOR_TARGET_1)",
					"$(LIBRARY_SEARCH_PATHS_QUOTED_FOR_TARGET_2)",
					"$(LIBRARY_SEARCH_PATHS_QUOTED_FOR_TARGET_3)",
					"$(LIBRARY_SEARCH_PATHS_QUOTED_FOR_TARGET_4)",
					"$(LIBRARY_SEARCH_PATHS_QUOTED_FOR_TARGET_5)",
					"$(LIBRARY_SEARCH_PATHS_QUOTED_FOR_TARGET_6)",
					"$(LIBRARY_SEARCH_PATHS_QUOTED_FOR_TARGET_7)",
					"$(LIBRARY_SEARCH_PATHS_QUOTED_FOR_TARGET_8)",
					"$(LIBRARY_SEARCH_PATHS_QUOTED_FOR_TARGET_9)",
					"$(LIBRARY_SEARCH_PATHS_QUOTED_FOR_TARGET_10)",
					"$(LIBRARY_SEARCH_PATHS_QUOTED_FOR_TARGET_11)",
					"$(LIBRARY_SEARCH_PATHS_QUOTED_FOR_TARGET_12)",
					"$(LIBRARY_SEARCH_PATHS_QUOTED_FOR_TARGET_13)",
					"$(LIBRARY_SEARCH_PATHS_QUOTED_FOR_TARGET_14)",
					"$(LIBRARY_SEARCH_PATHS_QUOTED_FOR_TARGET_15)",
					"$(LIBRARY_SEARCH_PATHS_QUOTED_FOR_TARGET_2)",
					"$(LIBRARY_SEARCH_PATHS_QUOTED_FOR_TARGET_3)",
					"$(LIBRARY_SEARCH_PATHS_QUOTED_FOR_TARGET_7)",
					"$(LIBRARY_SEARCH_PATHS_QUOTED_FOR_TARGET_8)",
					"$(LIBRARY_SEARCH_PATHS_QUOTED_FOR_TARGET_9)",
					"$(LIBRARY_SEARCH_PATHS_QUOTED_FOR_TARGET_10)",
					"$(LIBRARY_SEARCH_PATHS_QUOTED_FOR_TARGET_11)",
					"$(LIBRARY_SEARCH_PATHS_QUOTED_FOR_TARGET_12)",
					"$(LIBRARY_SEARCH_PATHS_QUOTED_FOR_TARGET_13)",
					"$(LIBRARY_SEARCH_PATHS_QUOTED_FOR_TARGET_16)",
					"$(LIBRARY_SEARCH_PATHS_QUOTED_FOR_TARGET_17)",
					"$(LIBRARY_SEARCH_PATHS_QUOTED_FOR_TARGET_18)",
					"$(LIBRARY_SEARCH_PATHS_QUOTED_FOR_TARGET_19)",
					"$(LIBRARY_SEARCH_PATHS_QUOTED_FOR_TARGET_20)",
					"$(LIBRARY_SEARCH_PATHS_QUOTED_FOR_TARGET_21)",
					"$(LIBRARY_SEARCH_PATHS_QUOTED_FOR_TARGET_22)",
					"$(LIBRARY_SEARCH_PATHS_QUOTED_FOR_TARGET_23)",
					"$(LIBRARY_SEARCH_PATHS_QUOTED_FOR_TARGET_24)",
					"$(LIBRARY_SEARCH_PATHS_QUOTED_FOR_TARGET_25)",
					"$(LIBRARY_SEARCH_PATHS_QUOTED_FOR_TARGET_26)",
					"$(LIBRARY_SEARCH_PATHS_QUOTED_FOR_TARGET_27)",
					"$(LIBRARY_SEARCH_PATHS_QUOTED_FOR_TARGET_28)",
					"$(LIBRARY_SEARCH_PATHS_QUOTED_FOR_TARGET_29)",
					"$(LIBRARY_SEARCH_PATHS_QUOTED_FOR_TARGET_30)",
					"$(LIBRARY_SEARCH_PATHS_QUOTED_FOR_TARGET_31)",
					"$(LIBRARY_SEARCH_PATHS_QUOTED_FOR_TARGET_32)",
					"$(LIBRARY_SEARCH_PATHS_QUOTED_FOR_TARGET_33)",
					"$(LIBRARY_SEARCH_PATHS_QUOTED_FOR_TARGET_34)",
					"$(LIBRARY_SEARCH_PATHS_QUOTED_FOR_TARGET_35)",
					"$(LIBRARY_SEARCH_PATHS_QUOTED_FOR_TARGET_36)",
					"$(LIBRARY_SEARCH_PATHS_QUOTED_FOR_TARGET_37)",
					"$(LIBRARY_SEARCH_PATHS_QUOTED_FOR_TARGET_38)",
					"$(LIBRARY_SEARCH_PATHS_QUOTED_FOR_TARGET_39)",
					"$(LIBRARY_SEARCH_PATHS_QUOTED_FOR_TARGET_40)",
					"$(LIBRARY_SEARCH_PATHS_QUOTED_FOR_TARGET_41)",
					"$(LIBRARY_SEARCH_PATHS_QUOTED_FOR_TARGET_42)",
					"$(LIBRARY_SEARCH_PATHS_QUOTED_FOR_TARGET_43)",
					"$(LIBRARY_SEARCH_PATHS_QUOTED_FOR_TARGET_44)",
					"$(LIBRARY_SEARCH_PATHS_QUOTED_FOR_TARGET_45)",
					"$(LIBRARY_SEARCH_PATHS_QUOTED_FOR_TARGET_46)",
					"$(LIBRARY_SEARCH_PATHS_QUOTED_FOR_TARGET_47)",
					"$(LIBRARY_SEARCH_PATHS_QUOTED_FOR_TARGET_48)",
					"$(LIBRARY_SEARCH_PATHS_QUOTED_FOR_TARGET_49)",
					"$(LIBRARY_SEARCH_PATHS_QUOTED_FOR_TARGET_50)",
					"$(LIBRARY_SEARCH_PATHS_QUOTED_FOR_TARGET_51)",
					"$(LIBRARY_SEARCH_PATHS_QUOTED_FOR_TARGET_52)",
				);
				PREBINDING = NO;
				PRODUCT_NAME = "$(TARGET_NAME)Debug";
				WRAPPER_EXTENSION = app;
			};
			name = Debug;
		};
		E4B69B610A3A1757003C02F2 /* Release */ = {
			isa = XCBuildConfiguration;
			buildSettings = {
				COPY_PHASE_STRIP = YES;
				FRAMEWORK_SEARCH_PATHS = (
					"$(inherited)",
					"$(FRAMEWORK_SEARCH_PATHS_QUOTED_FOR_TARGET_1)",
				);
				FRAMEWORK_SEARCH_PATHS_QUOTED_FOR_TARGET_1 = "\"$(SRCROOT)/../../../libs/glut/lib/osx\"";
				GCC_ENABLE_FIX_AND_CONTINUE = NO;
				GCC_GENERATE_DEBUGGING_SYMBOLS = YES;
				GCC_MODEL_TUNING = NONE;
				GCC_PRECOMPILE_PREFIX_HEADER = YES;
				GCC_PREFIX_HEADER = "$(SYSTEM_LIBRARY_DIR)/Frameworks/Carbon.framework/Headers/Carbon.h";
				INFOPLIST_FILE = "openFrameworks-Info.plist";
				INSTALL_PATH = "$(HOME)/Applications";
				LIBRARY_SEARCH_PATHS = (
					"$(inherited)",
					"$(LIBRARY_SEARCH_PATHS_QUOTED_FOR_TARGET_1)",
					"$(LIBRARY_SEARCH_PATHS_QUOTED_FOR_TARGET_2)",
					"$(LIBRARY_SEARCH_PATHS_QUOTED_FOR_TARGET_3)",
					"$(LIBRARY_SEARCH_PATHS_QUOTED_FOR_TARGET_4)",
					"$(LIBRARY_SEARCH_PATHS_QUOTED_FOR_TARGET_5)",
					"$(LIBRARY_SEARCH_PATHS_QUOTED_FOR_TARGET_6)",
					"$(LIBRARY_SEARCH_PATHS_QUOTED_FOR_TARGET_7)",
					"$(LIBRARY_SEARCH_PATHS_QUOTED_FOR_TARGET_8)",
					"$(LIBRARY_SEARCH_PATHS_QUOTED_FOR_TARGET_9)",
					"$(LIBRARY_SEARCH_PATHS_QUOTED_FOR_TARGET_10)",
					"$(LIBRARY_SEARCH_PATHS_QUOTED_FOR_TARGET_11)",
					"$(LIBRARY_SEARCH_PATHS_QUOTED_FOR_TARGET_12)",
					"$(LIBRARY_SEARCH_PATHS_QUOTED_FOR_TARGET_13)",
					"$(LIBRARY_SEARCH_PATHS_QUOTED_FOR_TARGET_14)",
					"$(LIBRARY_SEARCH_PATHS_QUOTED_FOR_TARGET_15)",
					"$(LIBRARY_SEARCH_PATHS_QUOTED_FOR_TARGET_2)",
					"$(LIBRARY_SEARCH_PATHS_QUOTED_1)",
					"$(LIBRARY_SEARCH_PATHS_QUOTED_FOR_TARGET_3)",
					"$(LIBRARY_SEARCH_PATHS_QUOTED_FOR_TARGET_7)",
					"$(LIBRARY_SEARCH_PATHS_QUOTED_FOR_TARGET_8)",
					"$(LIBRARY_SEARCH_PATHS_QUOTED_FOR_TARGET_9)",
					"$(LIBRARY_SEARCH_PATHS_QUOTED_FOR_TARGET_10)",
					"$(LIBRARY_SEARCH_PATHS_QUOTED_FOR_TARGET_11)",
					"$(LIBRARY_SEARCH_PATHS_QUOTED_FOR_TARGET_12)",
					"$(LIBRARY_SEARCH_PATHS_QUOTED_FOR_TARGET_13)",
					"$(LIBRARY_SEARCH_PATHS_QUOTED_FOR_TARGET_16)",
					"$(LIBRARY_SEARCH_PATHS_QUOTED_FOR_TARGET_17)",
					"$(LIBRARY_SEARCH_PATHS_QUOTED_FOR_TARGET_18)",
					"$(LIBRARY_SEARCH_PATHS_QUOTED_FOR_TARGET_19)",
					"$(LIBRARY_SEARCH_PATHS_QUOTED_FOR_TARGET_20)",
					"$(LIBRARY_SEARCH_PATHS_QUOTED_FOR_TARGET_21)",
					"$(LIBRARY_SEARCH_PATHS_QUOTED_FOR_TARGET_22)",
					"$(LIBRARY_SEARCH_PATHS_QUOTED_FOR_TARGET_23)",
					"$(LIBRARY_SEARCH_PATHS_QUOTED_FOR_TARGET_24)",
					"$(LIBRARY_SEARCH_PATHS_QUOTED_FOR_TARGET_25)",
					"$(LIBRARY_SEARCH_PATHS_QUOTED_FOR_TARGET_26)",
					"$(LIBRARY_SEARCH_PATHS_QUOTED_FOR_TARGET_27)",
					"$(LIBRARY_SEARCH_PATHS_QUOTED_FOR_TARGET_28)",
					"$(LIBRARY_SEARCH_PATHS_QUOTED_FOR_TARGET_29)",
					"$(LIBRARY_SEARCH_PATHS_QUOTED_FOR_TARGET_30)",
					"$(LIBRARY_SEARCH_PATHS_QUOTED_FOR_TARGET_31)",
					"$(LIBRARY_SEARCH_PATHS_QUOTED_FOR_TARGET_32)",
					"$(LIBRARY_SEARCH_PATHS_QUOTED_FOR_TARGET_33)",
					"$(LIBRARY_SEARCH_PATHS_QUOTED_FOR_TARGET_34)",
					"$(LIBRARY_SEARCH_PATHS_QUOTED_FOR_TARGET_35)",
					"$(LIBRARY_SEARCH_PATHS_QUOTED_FOR_TARGET_36)",
					"$(LIBRARY_SEARCH_PATHS_QUOTED_FOR_TARGET_37)",
					"$(LIBRARY_SEARCH_PATHS_QUOTED_FOR_TARGET_38)",
					"$(LIBRARY_SEARCH_PATHS_QUOTED_FOR_TARGET_39)",
					"$(LIBRARY_SEARCH_PATHS_QUOTED_FOR_TARGET_40)",
					"$(LIBRARY_SEARCH_PATHS_QUOTED_FOR_TARGET_41)",
					"$(LIBRARY_SEARCH_PATHS_QUOTED_FOR_TARGET_42)",
					"$(LIBRARY_SEARCH_PATHS_QUOTED_FOR_TARGET_43)",
					"$(LIBRARY_SEARCH_PATHS_QUOTED_FOR_TARGET_44)",
					"$(LIBRARY_SEARCH_PATHS_QUOTED_FOR_TARGET_45)",
					"$(LIBRARY_SEARCH_PATHS_QUOTED_FOR_TARGET_46)",
					"$(LIBRARY_SEARCH_PATHS_QUOTED_FOR_TARGET_47)",
					"$(LIBRARY_SEARCH_PATHS_QUOTED_FOR_TARGET_48)",
					"$(LIBRARY_SEARCH_PATHS_QUOTED_FOR_TARGET_49)",
					"$(LIBRARY_SEARCH_PATHS_QUOTED_FOR_TARGET_50)",
					"$(LIBRARY_SEARCH_PATHS_QUOTED_FOR_TARGET_51)",
				);
				PREBINDING = NO;
				PRODUCT_NAME = "$(TARGET_NAME)";
				WRAPPER_EXTENSION = app;
			};
			name = Release;
		};
/* End XCBuildConfiguration section */

/* Begin XCConfigurationList section */
		E4B69B4D0A3A1720003C02F2 /* Build configuration list for PBXProject "example-warpBlendTool" */ = {
			isa = XCConfigurationList;
			buildConfigurations = (
				E4B69B4E0A3A1720003C02F2 /* Debug */,
				E4B69B4F0A3A1720003C02F2 /* Release */,
			);
			defaultConfigurationIsVisible = 0;
			defaultConfigurationName = Release;
		};
		E4B69B5F0A3A1757003C02F2 /* Build configuration list for PBXNativeTarget "example-warpBlendTool" */ = {
			isa = XCConfigurationList;
			buildConfigurations = (
				E4B69B600A3A1757003C02F2 /* Debug */,
				E4B69B610A3A1757003C02F2 /* Release */,
			);
			defaultConfigurationIsVisible = 0;
			defaultConfigurationName = Release;
		};
/* End XCConfigurationList section */
	};
	rootObject = E4B69B4C0A3A1720003C02F2 /* Project object */;
}
